// !$*UTF8*$!
{
	archiveVersion = 1;
	classes = {
	};
	objectVersion = 50;
	objects = {

/* Begin PBXBuildFile section */
		6A698DB54F3D5B28309433F8 /* Pods_pachira.framework in Frameworks */ = {isa = PBXBuildFile; fileRef = 79B0DDC89D100C11C86720AE /* Pods_pachira.framework */; };
		7A6A457B20EBA85B0086B926 /* PachiraViewController.swift in Sources */ = {isa = PBXBuildFile; fileRef = 7A6A457A20EBA85B0086B926 /* PachiraViewController.swift */; };
		7A7CF60B20DCDE55006D6744 /* AppDelegate.swift in Sources */ = {isa = PBXBuildFile; fileRef = 7A7CF60A20DCDE55006D6744 /* AppDelegate.swift */; };
		7A7CF60D20DCDE55006D6744 /* ViewController.swift in Sources */ = {isa = PBXBuildFile; fileRef = 7A7CF60C20DCDE55006D6744 /* ViewController.swift */; };
		7A7CF61320DCDE55006D6744 /* pachira.xcdatamodeld in Sources */ = {isa = PBXBuildFile; fileRef = 7A7CF61120DCDE55006D6744 /* pachira.xcdatamodeld */; };
		7A7CF61520DCDE56006D6744 /* Assets.xcassets in Resources */ = {isa = PBXBuildFile; fileRef = 7A7CF61420DCDE56006D6744 /* Assets.xcassets */; };
		7A7CF61820DCDE56006D6744 /* LaunchScreen.storyboard in Resources */ = {isa = PBXBuildFile; fileRef = 7A7CF61620DCDE56006D6744 /* LaunchScreen.storyboard */; };
		7A7CF62120DCDEC6006D6744 /* Idea+CoreDataClass.swift in Sources */ = {isa = PBXBuildFile; fileRef = 7A7CF61F20DCDEC6006D6744 /* Idea+CoreDataClass.swift */; };
		7A7CF62220DCDEC6006D6744 /* Idea+CoreDataProperties.swift in Sources */ = {isa = PBXBuildFile; fileRef = 7A7CF62020DCDEC6006D6744 /* Idea+CoreDataProperties.swift */; };
		7A7CF6B620DCDF5F006D6744 /* CDIdea.swift in Sources */ = {isa = PBXBuildFile; fileRef = 7A7CF6B520DCDF5F006D6744 /* CDIdea.swift */; };
		7A7CF6BC20DD169B006D6744 /* images.plist in Resources */ = {isa = PBXBuildFile; fileRef = 7A7CF6BB20DD169B006D6744 /* images.plist */; };
		7A7CF6BE20DFBA1E006D6744 /* ThinkViewController.swift in Sources */ = {isa = PBXBuildFile; fileRef = 7A7CF6BD20DFBA1E006D6744 /* ThinkViewController.swift */; };
		7A7CF6C020DFBC09006D6744 /* PImage.swift in Sources */ = {isa = PBXBuildFile; fileRef = 7A7CF6BF20DFBC09006D6744 /* PImage.swift */; };
		7A7CF6C220DFE3C5006D6744 /* ListViewController.swift in Sources */ = {isa = PBXBuildFile; fileRef = 7A7CF6C120DFE3C5006D6744 /* ListViewController.swift */; };
		7A7CF6C420DFF0B3006D6744 /* DetailViewController.swift in Sources */ = {isa = PBXBuildFile; fileRef = 7A7CF6C320DFF0B3006D6744 /* DetailViewController.swift */; };
		7AB2C33220F3450A009A9901 /* cube-sugar-min.png in Resources */ = {isa = PBXBuildFile; fileRef = 7AB2C28320F34509009A9901 /* cube-sugar-min.png */; };
		7AB2C33320F3450A009A9901 /* people-min.png in Resources */ = {isa = PBXBuildFile; fileRef = 7AB2C28420F34509009A9901 /* people-min.png */; };
		7AB2C33420F3450A009A9901 /* juice-min.png in Resources */ = {isa = PBXBuildFile; fileRef = 7AB2C28520F34509009A9901 /* juice-min.png */; };
		7AB2C33520F3450A009A9901 /* sleep-min.png in Resources */ = {isa = PBXBuildFile; fileRef = 7AB2C28620F34509009A9901 /* sleep-min.png */; };
		7AB2C33620F3450A009A9901 /* bowl-min.png in Resources */ = {isa = PBXBuildFile; fileRef = 7AB2C28720F34509009A9901 /* bowl-min.png */; };
		7AB2C33720F3450A009A9901 /* movie-min.png in Resources */ = {isa = PBXBuildFile; fileRef = 7AB2C28820F34509009A9901 /* movie-min.png */; };
		7AB2C33820F3450A009A9901 /* anonymous-min.png in Resources */ = {isa = PBXBuildFile; fileRef = 7AB2C28920F34509009A9901 /* anonymous-min.png */; };
		7AB2C33920F3450A009A9901 /* purse-min.png in Resources */ = {isa = PBXBuildFile; fileRef = 7AB2C28A20F34509009A9901 /* purse-min.png */; };
		7AB2C33A20F3450A009A9901 /* balloons-min.png in Resources */ = {isa = PBXBuildFile; fileRef = 7AB2C28B20F34509009A9901 /* balloons-min.png */; };
		7AB2C33B20F3450A009A9901 /* documents-min.png in Resources */ = {isa = PBXBuildFile; fileRef = 7AB2C28C20F34509009A9901 /* documents-min.png */; };
		7AB2C33C20F3450A009A9901 /* cherry-min.png in Resources */ = {isa = PBXBuildFile; fileRef = 7AB2C28D20F34509009A9901 /* cherry-min.png */; };
		7AB2C33D20F3450A009A9901 /* sexy-lip-min.png in Resources */ = {isa = PBXBuildFile; fileRef = 7AB2C28E20F34509009A9901 /* sexy-lip-min.png */; };
		7AB2C33E20F3450A009A9901 /* babybird-min.png in Resources */ = {isa = PBXBuildFile; fileRef = 7AB2C28F20F34509009A9901 /* babybird-min.png */; };
		7AB2C33F20F3450A009A9901 /* love-letter-min.png in Resources */ = {isa = PBXBuildFile; fileRef = 7AB2C29020F34509009A9901 /* love-letter-min.png */; };
		7AB2C34020F3450A009A9901 /* bald-min.png in Resources */ = {isa = PBXBuildFile; fileRef = 7AB2C29120F34509009A9901 /* bald-min.png */; };
		7AB2C34120F3450A009A9901 /* font-min.png in Resources */ = {isa = PBXBuildFile; fileRef = 7AB2C29220F34509009A9901 /* font-min.png */; };
		7AB2C34220F3450A009A9901 /* basket-min.png in Resources */ = {isa = PBXBuildFile; fileRef = 7AB2C29320F34509009A9901 /* basket-min.png */; };
		7AB2C34320F3450A009A9901 /* note-min.png in Resources */ = {isa = PBXBuildFile; fileRef = 7AB2C29420F34509009A9901 /* note-min.png */; };
		7AB2C34420F3450A009A9901 /* index-finger-min.png in Resources */ = {isa = PBXBuildFile; fileRef = 7AB2C29520F34509009A9901 /* index-finger-min.png */; };
		7AB2C34520F3450A009A9901 /* game-min.png in Resources */ = {isa = PBXBuildFile; fileRef = 7AB2C29620F34509009A9901 /* game-min.png */; };
		7AB2C34620F3450A009A9901 /* ear-min.png in Resources */ = {isa = PBXBuildFile; fileRef = 7AB2C29720F34509009A9901 /* ear-min.png */; };
		7AB2C34720F3450A009A9901 /* romance-min.png in Resources */ = {isa = PBXBuildFile; fileRef = 7AB2C29820F34509009A9901 /* romance-min.png */; };
		7AB2C34820F3450A009A9901 /* radio-cassette-min.png in Resources */ = {isa = PBXBuildFile; fileRef = 7AB2C29920F34509009A9901 /* radio-cassette-min.png */; };
		7AB2C34920F3450A009A9901 /* skull-min.png in Resources */ = {isa = PBXBuildFile; fileRef = 7AB2C29A20F34509009A9901 /* skull-min.png */; };
		7AB2C34A20F3450A009A9901 /* parent-and-child-min.png in Resources */ = {isa = PBXBuildFile; fileRef = 7AB2C29B20F34509009A9901 /* parent-and-child-min.png */; };
		7AB2C34B20F3450A009A9901 /* sound-min.png in Resources */ = {isa = PBXBuildFile; fileRef = 7AB2C29C20F34509009A9901 /* sound-min.png */; };
		7AB2C34C20F3450A009A9901 /* towl-min.png in Resources */ = {isa = PBXBuildFile; fileRef = 7AB2C29D20F34509009A9901 /* towl-min.png */; };
		7AB2C34D20F3450A009A9901 /* eye-min.png in Resources */ = {isa = PBXBuildFile; fileRef = 7AB2C29E20F34509009A9901 /* eye-min.png */; };
		7AB2C34E20F3450A009A9901 /* president-min.png in Resources */ = {isa = PBXBuildFile; fileRef = 7AB2C29F20F34509009A9901 /* president-min.png */; };
		7AB2C34F20F3450A009A9901 /* study-min.png in Resources */ = {isa = PBXBuildFile; fileRef = 7AB2C2A020F34509009A9901 /* study-min.png */; };
		7AB2C35020F3450A009A9901 /* baseball-min.png in Resources */ = {isa = PBXBuildFile; fileRef = 7AB2C2A120F34509009A9901 /* baseball-min.png */; };
		7AB2C35120F3450A009A9901 /* folk-knife-min.png in Resources */ = {isa = PBXBuildFile; fileRef = 7AB2C2A220F34509009A9901 /* folk-knife-min.png */; };
		7AB2C35220F3450A009A9901 /* headache-min.png in Resources */ = {isa = PBXBuildFile; fileRef = 7AB2C2A320F34509009A9901 /* headache-min.png */; };
		7AB2C35320F3450A009A9901 /* monster-min.png in Resources */ = {isa = PBXBuildFile; fileRef = 7AB2C2A420F34509009A9901 /* monster-min.png */; };
		7AB2C35420F3450A009A9901 /* cheerleader-min.png in Resources */ = {isa = PBXBuildFile; fileRef = 7AB2C2A520F34509009A9901 /* cheerleader-min.png */; };
		7AB2C35520F3450A009A9901 /* virus-min.png in Resources */ = {isa = PBXBuildFile; fileRef = 7AB2C2A620F34509009A9901 /* virus-min.png */; };
		7AB2C35620F3450A009A9901 /* sns-min.png in Resources */ = {isa = PBXBuildFile; fileRef = 7AB2C2A720F34509009A9901 /* sns-min.png */; };
		7AB2C35720F3450A009A9901 /* loudspeaker-min.png in Resources */ = {isa = PBXBuildFile; fileRef = 7AB2C2A820F34509009A9901 /* loudspeaker-min.png */; };
		7AB2C35820F3450A009A9901 /* gramophone-min.png in Resources */ = {isa = PBXBuildFile; fileRef = 7AB2C2A920F34509009A9901 /* gramophone-min.png */; };
		7AB2C35920F3450A009A9901 /* gift-min.png in Resources */ = {isa = PBXBuildFile; fileRef = 7AB2C2AA20F34509009A9901 /* gift-min.png */; };
		7AB2C35A20F3450A009A9901 /* scoop-min.png in Resources */ = {isa = PBXBuildFile; fileRef = 7AB2C2AB20F34509009A9901 /* scoop-min.png */; };
		7AB2C35B20F3450A009A9901 /* car-min.png in Resources */ = {isa = PBXBuildFile; fileRef = 7AB2C2AC20F34509009A9901 /* car-min.png */; };
		7AB2C35C20F3450A009A9901 /* glasses2-min.png in Resources */ = {isa = PBXBuildFile; fileRef = 7AB2C2AD20F34509009A9901 /* glasses2-min.png */; };
		7AB2C35D20F3450A009A9901 /* doll-min.png in Resources */ = {isa = PBXBuildFile; fileRef = 7AB2C2AE20F34509009A9901 /* doll-min.png */; };
		7AB2C35E20F3450A009A9901 /* 24hour-min.png in Resources */ = {isa = PBXBuildFile; fileRef = 7AB2C2AF20F34509009A9901 /* 24hour-min.png */; };
		7AB2C35F20F3450A009A9901 /* read-min.png in Resources */ = {isa = PBXBuildFile; fileRef = 7AB2C2B020F34509009A9901 /* read-min.png */; };
		7AB2C36020F3450A009A9901 /* rose-min.png in Resources */ = {isa = PBXBuildFile; fileRef = 7AB2C2B120F34509009A9901 /* rose-min.png */; };
		7AB2C36120F3450A009A9901 /* projector-min.png in Resources */ = {isa = PBXBuildFile; fileRef = 7AB2C2B220F34509009A9901 /* projector-min.png */; };
		7AB2C36220F3450A009A9901 /* snowman-min.png in Resources */ = {isa = PBXBuildFile; fileRef = 7AB2C2B320F34509009A9901 /* snowman-min.png */; };
		7AB2C36320F3450A009A9901 /* free-min.png in Resources */ = {isa = PBXBuildFile; fileRef = 7AB2C2B420F34509009A9901 /* free-min.png */; };
		7AB2C36420F3450A009A9901 /* kungfu-min.png in Resources */ = {isa = PBXBuildFile; fileRef = 7AB2C2B520F34509009A9901 /* kungfu-min.png */; };
		7AB2C36520F3450A009A9901 /* honey-min.png in Resources */ = {isa = PBXBuildFile; fileRef = 7AB2C2B620F34509009A9901 /* honey-min.png */; };
		7AB2C36620F3450A009A9901 /* angel-min.png in Resources */ = {isa = PBXBuildFile; fileRef = 7AB2C2B720F34509009A9901 /* angel-min.png */; };
		7AB2C36720F3450A009A9901 /* alien2-min.png in Resources */ = {isa = PBXBuildFile; fileRef = 7AB2C2B820F34509009A9901 /* alien2-min.png */; };
		7AB2C36820F3450A009A9901 /* pencil-min.png in Resources */ = {isa = PBXBuildFile; fileRef = 7AB2C2B920F34509009A9901 /* pencil-min.png */; };
		7AB2C36920F3450A009A9901 /* target-min.png in Resources */ = {isa = PBXBuildFile; fileRef = 7AB2C2BA20F34509009A9901 /* target-min.png */; };
		7AB2C36A20F3450A009A9901 /* fragile-min.png in Resources */ = {isa = PBXBuildFile; fileRef = 7AB2C2BB20F34509009A9901 /* fragile-min.png */; };
		7AB2C36B20F3450A009A9901 /* squirre-min.png in Resources */ = {isa = PBXBuildFile; fileRef = 7AB2C2BC20F34509009A9901 /* squirre-min.png */; };
		7AB2C36C20F3450A009A9901 /* leaf-min.png in Resources */ = {isa = PBXBuildFile; fileRef = 7AB2C2BD20F34509009A9901 /* leaf-min.png */; };
		7AB2C36D20F3450A009A9901 /* pirate-flag-min.png in Resources */ = {isa = PBXBuildFile; fileRef = 7AB2C2BE20F34509009A9901 /* pirate-flag-min.png */; };
		7AB2C36E20F3450A009A9901 /* atom-min.png in Resources */ = {isa = PBXBuildFile; fileRef = 7AB2C2BF20F34509009A9901 /* atom-min.png */; };
		7AB2C36F20F3450A009A9901 /* toilet-paper-min.png in Resources */ = {isa = PBXBuildFile; fileRef = 7AB2C2C020F34509009A9901 /* toilet-paper-min.png */; };
		7AB2C37020F3450A009A9901 /* calender2-min.png in Resources */ = {isa = PBXBuildFile; fileRef = 7AB2C2C120F34509009A9901 /* calender2-min.png */; };
		7AB2C37120F3450A009A9901 /* monkey-min.png in Resources */ = {isa = PBXBuildFile; fileRef = 7AB2C2C220F34509009A9901 /* monkey-min.png */; };
		7AB2C37220F3450A009A9901 /* key-min.png in Resources */ = {isa = PBXBuildFile; fileRef = 7AB2C2C320F34509009A9901 /* key-min.png */; };
		7AB2C37320F3450A009A9901 /* gargle-min.png in Resources */ = {isa = PBXBuildFile; fileRef = 7AB2C2C420F34509009A9901 /* gargle-min.png */; };
		7AB2C37420F3450A009A9901 /* piggy-bank-min.png in Resources */ = {isa = PBXBuildFile; fileRef = 7AB2C2C520F34509009A9901 /* piggy-bank-min.png */; };
		7AB2C37520F3450A009A9901 /* lady-min.png in Resources */ = {isa = PBXBuildFile; fileRef = 7AB2C2C620F34509009A9901 /* lady-min.png */; };
		7AB2C37620F3450A009A9901 /* ink-min.png in Resources */ = {isa = PBXBuildFile; fileRef = 7AB2C2C720F34509009A9901 /* ink-min.png */; };
		7AB2C37720F3450A009A9901 /* compass-min.png in Resources */ = {isa = PBXBuildFile; fileRef = 7AB2C2C820F34509009A9901 /* compass-min.png */; };
		7AB2C37820F3450A009A9901 /* bomb-min.png in Resources */ = {isa = PBXBuildFile; fileRef = 7AB2C2C920F34509009A9901 /* bomb-min.png */; };
		7AB2C37920F3450A009A9901 /* moon-min.png in Resources */ = {isa = PBXBuildFile; fileRef = 7AB2C2CA20F34509009A9901 /* moon-min.png */; };
		7AB2C37A20F3450A009A9901 /* crub-min.png in Resources */ = {isa = PBXBuildFile; fileRef = 7AB2C2CB20F34509009A9901 /* crub-min.png */; };
		7AB2C37B20F3450A009A9901 /* map2-min.png in Resources */ = {isa = PBXBuildFile; fileRef = 7AB2C2CC20F34509009A9901 /* map2-min.png */; };
		7AB2C37C20F3450A009A9901 /* fish-hook-min.png in Resources */ = {isa = PBXBuildFile; fileRef = 7AB2C2CD20F34509009A9901 /* fish-hook-min.png */; };
		7AB2C37D20F3450A009A9901 /* dracula-min.png in Resources */ = {isa = PBXBuildFile; fileRef = 7AB2C2CE20F34509009A9901 /* dracula-min.png */; };
		7AB2C37E20F3450A009A9901 /* money-min.png in Resources */ = {isa = PBXBuildFile; fileRef = 7AB2C2CF20F34509009A9901 /* money-min.png */; };
		7AB2C37F20F3450A009A9901 /* cracker-min.png in Resources */ = {isa = PBXBuildFile; fileRef = 7AB2C2D020F34509009A9901 /* cracker-min.png */; };
		7AB2C38020F3450A009A9901 /* hamburger-min.png in Resources */ = {isa = PBXBuildFile; fileRef = 7AB2C2D120F34509009A9901 /* hamburger-min.png */; };
		7AB2C38120F3450A009A9901 /* fire-min.png in Resources */ = {isa = PBXBuildFile; fileRef = 7AB2C2D220F34509009A9901 /* fire-min.png */; };
		7AB2C38220F3450A009A9901 /* scissors-min.png in Resources */ = {isa = PBXBuildFile; fileRef = 7AB2C2D320F34509009A9901 /* scissors-min.png */; };
		7AB2C38320F3450A009A9901 /* patlamp-min.png in Resources */ = {isa = PBXBuildFile; fileRef = 7AB2C2D420F34509009A9901 /* patlamp-min.png */; };
		7AB2C38420F3450A009A9901 /* camera-min.png in Resources */ = {isa = PBXBuildFile; fileRef = 7AB2C2D520F34509009A9901 /* camera-min.png */; };
		7AB2C38520F3450A009A9901 /* apple-min.png in Resources */ = {isa = PBXBuildFile; fileRef = 7AB2C2D620F34509009A9901 /* apple-min.png */; };
		7AB2C38620F3450A009A9901 /* questionnaire-min.png in Resources */ = {isa = PBXBuildFile; fileRef = 7AB2C2D720F34509009A9901 /* questionnaire-min.png */; };
		7AB2C38720F3450A009A9901 /* mic-min.png in Resources */ = {isa = PBXBuildFile; fileRef = 7AB2C2D820F34509009A9901 /* mic-min.png */; };
		7AB2C38820F3450A009A9901 /* rocket-min.png in Resources */ = {isa = PBXBuildFile; fileRef = 7AB2C2D920F34509009A9901 /* rocket-min.png */; };
		7AB2C38920F3450A009A9901 /* clapperboard-min.png in Resources */ = {isa = PBXBuildFile; fileRef = 7AB2C2DA20F34509009A9901 /* clapperboard-min.png */; };
		7AB2C38A20F3450A009A9901 /* graph-min.png in Resources */ = {isa = PBXBuildFile; fileRef = 7AB2C2DB20F34509009A9901 /* graph-min.png */; };
		7AB2C38B20F3450A009A9901 /* calender-min.png in Resources */ = {isa = PBXBuildFile; fileRef = 7AB2C2DC20F34509009A9901 /* calender-min.png */; };
		7AB2C38C20F3450A009A9901 /* fossil-min.png in Resources */ = {isa = PBXBuildFile; fileRef = 7AB2C2DD20F34509009A9901 /* fossil-min.png */; };
		7AB2C38D20F3450A009A9901 /* kraken-min.png in Resources */ = {isa = PBXBuildFile; fileRef = 7AB2C2DE20F34509009A9901 /* kraken-min.png */; };
		7AB2C38E20F3450A009A9901 /* desktop-pc-min.png in Resources */ = {isa = PBXBuildFile; fileRef = 7AB2C2DF20F34509009A9901 /* desktop-pc-min.png */; };
		7AB2C38F20F3450A009A9901 /* marker-min.png in Resources */ = {isa = PBXBuildFile; fileRef = 7AB2C2E020F34509009A9901 /* marker-min.png */; };
		7AB2C39020F3450A009A9901 /* umbrella-min.png in Resources */ = {isa = PBXBuildFile; fileRef = 7AB2C2E120F34509009A9901 /* umbrella-min.png */; };
		7AB2C39120F3450A009A9901 /* diamond-min.png in Resources */ = {isa = PBXBuildFile; fileRef = 7AB2C2E220F34509009A9901 /* diamond-min.png */; };
		7AB2C39220F3450A009A9901 /* tablespoon-min.png in Resources */ = {isa = PBXBuildFile; fileRef = 7AB2C2E320F34509009A9901 /* tablespoon-min.png */; };
		7AB2C39320F3450A009A9901 /* paint-can-min.png in Resources */ = {isa = PBXBuildFile; fileRef = 7AB2C2E420F34509009A9901 /* paint-can-min.png */; };
		7AB2C39420F3450A009A9901 /* punch-min.png in Resources */ = {isa = PBXBuildFile; fileRef = 7AB2C2E520F34509009A9901 /* punch-min.png */; };
		7AB2C39520F3450A009A9901 /* onsen-min.png in Resources */ = {isa = PBXBuildFile; fileRef = 7AB2C2E620F34509009A9901 /* onsen-min.png */; };
		7AB2C39620F3450A009A9901 /* clay-figure-min.png in Resources */ = {isa = PBXBuildFile; fileRef = 7AB2C2E720F34509009A9901 /* clay-figure-min.png */; };
		7AB2C39720F3450A009A9901 /* small-bomb-min.png in Resources */ = {isa = PBXBuildFile; fileRef = 7AB2C2E820F34509009A9901 /* small-bomb-min.png */; };
		7AB2C39820F3450A009A9901 /* map-min.png in Resources */ = {isa = PBXBuildFile; fileRef = 7AB2C2E920F34509009A9901 /* map-min.png */; };
		7AB2C39920F3450A009A9901 /* triangle-min.png in Resources */ = {isa = PBXBuildFile; fileRef = 7AB2C2EA20F34509009A9901 /* triangle-min.png */; };
		7AB2C39A20F3450A009A9901 /* cards-min.png in Resources */ = {isa = PBXBuildFile; fileRef = 7AB2C2EB20F34509009A9901 /* cards-min.png */; };
		7AB2C39B20F3450A009A9901 /* lightbulb-min.png in Resources */ = {isa = PBXBuildFile; fileRef = 7AB2C2EC20F34509009A9901 /* lightbulb-min.png */; };
		7AB2C39C20F3450A009A9901 /* menu-min.png in Resources */ = {isa = PBXBuildFile; fileRef = 7AB2C2ED20F34509009A9901 /* menu-min.png */; };
		7AB2C39D20F3450A009A9901 /* cat-min.png in Resources */ = {isa = PBXBuildFile; fileRef = 7AB2C2EE20F34509009A9901 /* cat-min.png */; };
		7AB2C39E20F3450A009A9901 /* stump-min.png in Resources */ = {isa = PBXBuildFile; fileRef = 7AB2C2EF20F34509009A9901 /* stump-min.png */; };
		7AB2C39F20F3450A009A9901 /* glasses-min.png in Resources */ = {isa = PBXBuildFile; fileRef = 7AB2C2F020F34509009A9901 /* glasses-min.png */; };
		7AB2C3A020F3450A009A9901 /* skull2-min.png in Resources */ = {isa = PBXBuildFile; fileRef = 7AB2C2F120F34509009A9901 /* skull2-min.png */; };
		7AB2C3A120F3450A009A9901 /* loose-leaf-min.png in Resources */ = {isa = PBXBuildFile; fileRef = 7AB2C2F220F34509009A9901 /* loose-leaf-min.png */; };
		7AB2C3A220F3450A009A9901 /* hourglass-min.png in Resources */ = {isa = PBXBuildFile; fileRef = 7AB2C2F320F34509009A9901 /* hourglass-min.png */; };
		7AB2C3A320F3450A009A9901 /* spanner-min.png in Resources */ = {isa = PBXBuildFile; fileRef = 7AB2C2F420F34509009A9901 /* spanner-min.png */; };
		7AB2C3A420F3450A009A9901 /* injector-min.png in Resources */ = {isa = PBXBuildFile; fileRef = 7AB2C2F520F34509009A9901 /* injector-min.png */; };
		7AB2C3A520F3450A009A9901 /* fingerprint-min.png in Resources */ = {isa = PBXBuildFile; fileRef = 7AB2C2F620F34509009A9901 /* fingerprint-min.png */; };
		7AB2C3A620F3450A009A9901 /* telephone-min.png in Resources */ = {isa = PBXBuildFile; fileRef = 7AB2C2F720F34509009A9901 /* telephone-min.png */; };
		7AB2C3A720F3450A009A9901 /* hat-min.png in Resources */ = {isa = PBXBuildFile; fileRef = 7AB2C2F820F34509009A9901 /* hat-min.png */; };
		7AB2C3A820F3450A009A9901 /* fish-min.png in Resources */ = {isa = PBXBuildFile; fileRef = 7AB2C2F920F34509009A9901 /* fish-min.png */; };
		7AB2C3A920F3450A009A9901 /* gear-min.png in Resources */ = {isa = PBXBuildFile; fileRef = 7AB2C2FA20F34509009A9901 /* gear-min.png */; };
		7AB2C3AA20F3450A009A9901 /* drum-min.png in Resources */ = {isa = PBXBuildFile; fileRef = 7AB2C2FB20F34509009A9901 /* drum-min.png */; };
		7AB2C3AB20F3450A009A9901 /* wine-min.png in Resources */ = {isa = PBXBuildFile; fileRef = 7AB2C2FC20F34509009A9901 /* wine-min.png */; };
		7AB2C3AC20F3450A009A9901 /* caution-mark-min.png in Resources */ = {isa = PBXBuildFile; fileRef = 7AB2C2FD20F34509009A9901 /* caution-mark-min.png */; };
		7AB2C3AD20F3450A009A9901 /* mail-min.png in Resources */ = {isa = PBXBuildFile; fileRef = 7AB2C2FE20F34509009A9901 /* mail-min.png */; };
		7AB2C3AE20F3450A009A9901 /* himantolophidae-min.png in Resources */ = {isa = PBXBuildFile; fileRef = 7AB2C2FF20F34509009A9901 /* himantolophidae-min.png */; };
		7AB2C3AF20F3450A009A9901 /* tag-min.png in Resources */ = {isa = PBXBuildFile; fileRef = 7AB2C30020F34509009A9901 /* tag-min.png */; };
		7AB2C3B020F3450A009A9901 /* couple-min.png in Resources */ = {isa = PBXBuildFile; fileRef = 7AB2C30120F34509009A9901 /* couple-min.png */; };
		7AB2C3B120F3450A009A9901 /* alien-min.png in Resources */ = {isa = PBXBuildFile; fileRef = 7AB2C30220F34509009A9901 /* alien-min.png */; };
		7AB2C3B220F3450A009A9901 /* pencil2-min.png in Resources */ = {isa = PBXBuildFile; fileRef = 7AB2C30320F34509009A9901 /* pencil2-min.png */; };
		7AB2C3B320F3450A009A9901 /* pig-min.png in Resources */ = {isa = PBXBuildFile; fileRef = 7AB2C30420F3450A009A9901 /* pig-min.png */; };
		7AB2C3B420F3450A009A9901 /* macho-min.png in Resources */ = {isa = PBXBuildFile; fileRef = 7AB2C30520F3450A009A9901 /* macho-min.png */; };
		7AB2C3B520F3450A009A9901 /* balloon-min.png in Resources */ = {isa = PBXBuildFile; fileRef = 7AB2C30620F3450A009A9901 /* balloon-min.png */; };
		7AB2C3B620F3450A009A9901 /* babybird2-min.png in Resources */ = {isa = PBXBuildFile; fileRef = 7AB2C30720F3450A009A9901 /* babybird2-min.png */; };
		7AB2C3B720F3450A009A9901 /* satellite-min.png in Resources */ = {isa = PBXBuildFile; fileRef = 7AB2C30820F3450A009A9901 /* satellite-min.png */; };
		7AB2C3B820F3450A009A9901 /* elephant-min.png in Resources */ = {isa = PBXBuildFile; fileRef = 7AB2C30920F3450A009A9901 /* elephant-min.png */; };
		7AB2C3B920F3450A009A9901 /* tobacco-min.png in Resources */ = {isa = PBXBuildFile; fileRef = 7AB2C30A20F3450A009A9901 /* tobacco-min.png */; };
		7AB2C3BA20F3450A009A9901 /* bee-min.png in Resources */ = {isa = PBXBuildFile; fileRef = 7AB2C30B20F3450A009A9901 /* bee-min.png */; };
		7AB2C3BB20F3450A009A9901 /* taxi-min.png in Resources */ = {isa = PBXBuildFile; fileRef = 7AB2C30C20F3450A009A9901 /* taxi-min.png */; };
		7AB2C3BC20F3450A009A9901 /* clock-min.png in Resources */ = {isa = PBXBuildFile; fileRef = 7AB2C30D20F3450A009A9901 /* clock-min.png */; };
		7AB2C3BD20F3450A009A9901 /* like-hand-min.png in Resources */ = {isa = PBXBuildFile; fileRef = 7AB2C30E20F3450A009A9901 /* like-hand-min.png */; };
		7AB2C3BE20F3450A009A9901 /* garbage-can-min.png in Resources */ = {isa = PBXBuildFile; fileRef = 7AB2C30F20F3450A009A9901 /* garbage-can-min.png */; };
		7AB2C3BF20F3450A009A9901 /* certificate-min.png in Resources */ = {isa = PBXBuildFile; fileRef = 7AB2C31020F3450A009A9901 /* certificate-min.png */; };
		7AB2C3C020F3450A009A9901 /* book-min.png in Resources */ = {isa = PBXBuildFile; fileRef = 7AB2C31120F3450A009A9901 /* book-min.png */; };
		7AB2C3C120F3450A009A9901 /* grab-min.png in Resources */ = {isa = PBXBuildFile; fileRef = 7AB2C31220F3450A009A9901 /* grab-min.png */; };
		7AB2C3C220F3450A009A9901 /* elevator-min.png in Resources */ = {isa = PBXBuildFile; fileRef = 7AB2C31320F3450A009A9901 /* elevator-min.png */; };
		7AB2C3C320F3450A009A9901 /* mushroom-clouds-min.png in Resources */ = {isa = PBXBuildFile; fileRef = 7AB2C31420F3450A009A9901 /* mushroom-clouds-min.png */; };
		7AB2C3C420F3450A009A9901 /* wheelchair-min.png in Resources */ = {isa = PBXBuildFile; fileRef = 7AB2C31520F3450A009A9901 /* wheelchair-min.png */; };
		7AB2C3C520F3450A009A9901 /* bat-min.png in Resources */ = {isa = PBXBuildFile; fileRef = 7AB2C31620F3450A009A9901 /* bat-min.png */; };
		7AB2C3C620F3450A009A9901 /* music-min.png in Resources */ = {isa = PBXBuildFile; fileRef = 7AB2C31720F3450A009A9901 /* music-min.png */; };
		7AB2C3C720F3450A009A9901 /* crocodile-min.png in Resources */ = {isa = PBXBuildFile; fileRef = 7AB2C31820F3450A009A9901 /* crocodile-min.png */; };
		7AB2C3C820F3450A009A9901 /* gumtape-min.png in Resources */ = {isa = PBXBuildFile; fileRef = 7AB2C31920F3450A009A9901 /* gumtape-min.png */; };
		7AB2C3C920F3450A009A9901 /* peach-min.png in Resources */ = {isa = PBXBuildFile; fileRef = 7AB2C31A20F3450A009A9901 /* peach-min.png */; };
		7AB2C3CA20F3450A009A9901 /* island-min.png in Resources */ = {isa = PBXBuildFile; fileRef = 7AB2C31B20F3450A009A9901 /* island-min.png */; };
		7AB2C3CB20F3450A009A9901 /* mosquito-min.png in Resources */ = {isa = PBXBuildFile; fileRef = 7AB2C31C20F3450A009A9901 /* mosquito-min.png */; };
		7AB2C3CC20F3450A009A9901 /* puzzle-min.png in Resources */ = {isa = PBXBuildFile; fileRef = 7AB2C31D20F3450A009A9901 /* puzzle-min.png */; };
		7AB2C3CD20F3450A009A9901 /* maze-min.png in Resources */ = {isa = PBXBuildFile; fileRef = 7AB2C31E20F3450A009A9901 /* maze-min.png */; };
		7AB2C3CE20F3450A009A9901 /* sword-min.png in Resources */ = {isa = PBXBuildFile; fileRef = 7AB2C31F20F3450A009A9901 /* sword-min.png */; };
		7AB2C3CF20F3450A009A9901 /* stairs-min.png in Resources */ = {isa = PBXBuildFile; fileRef = 7AB2C32020F3450A009A9901 /* stairs-min.png */; };
		7AB2C3D020F3450A009A9901 /* shrimp-min.png in Resources */ = {isa = PBXBuildFile; fileRef = 7AB2C32120F3450A009A9901 /* shrimp-min.png */; };
		7AB2C3D120F3450A009A9901 /* balance-min.png in Resources */ = {isa = PBXBuildFile; fileRef = 7AB2C32220F3450A009A9901 /* balance-min.png */; };
		7AB2C3D220F3450A009A9901 /* pocket-money-min.png in Resources */ = {isa = PBXBuildFile; fileRef = 7AB2C32320F3450A009A9901 /* pocket-money-min.png */; };
		7AB2C3D320F3450A009A9901 /* exchange-min.png in Resources */ = {isa = PBXBuildFile; fileRef = 7AB2C32420F3450A009A9901 /* exchange-min.png */; };
		7AB2C3D420F3450A009A9901 /* cake-min.png in Resources */ = {isa = PBXBuildFile; fileRef = 7AB2C32520F3450A009A9901 /* cake-min.png */; };
		7AB2C3D520F3450A009A9901 /* quill-pen-min.png in Resources */ = {isa = PBXBuildFile; fileRef = 7AB2C32620F3450A009A9901 /* quill-pen-min.png */; };
		7AB2C3D620F3450A009A9901 /* calculator-min.png in Resources */ = {isa = PBXBuildFile; fileRef = 7AB2C32720F3450A009A9901 /* calculator-min.png */; };
		7AB2C3D720F3450A009A9901 /* shakehands-min.png in Resources */ = {isa = PBXBuildFile; fileRef = 7AB2C32820F3450A009A9901 /* shakehands-min.png */; };
		7AB2C3D820F3450A009A9901 /* killroy-min.png in Resources */ = {isa = PBXBuildFile; fileRef = 7AB2C32920F3450A009A9901 /* killroy-min.png */; };
		7AB2C3D920F3450A009A9901 /* cocktail-min.png in Resources */ = {isa = PBXBuildFile; fileRef = 7AB2C32A20F3450A009A9901 /* cocktail-min.png */; };
		7AB2C3DA20F3450A009A9901 /* paint-brush-min.png in Resources */ = {isa = PBXBuildFile; fileRef = 7AB2C32B20F3450A009A9901 /* paint-brush-min.png */; };
		7AB2C3DB20F3450A009A9901 /* shake-min.png in Resources */ = {isa = PBXBuildFile; fileRef = 7AB2C32C20F3450A009A9901 /* shake-min.png */; };
		7AB2C3DC20F3450A009A9901 /* sunrise-min.png in Resources */ = {isa = PBXBuildFile; fileRef = 7AB2C32D20F3450A009A9901 /* sunrise-min.png */; };
		7AB2C3DD20F3450A009A9901 /* magic-min.png in Resources */ = {isa = PBXBuildFile; fileRef = 7AB2C32E20F3450A009A9901 /* magic-min.png */; };
		7AB2C3DE20F3450A009A9901 /* team-min.png in Resources */ = {isa = PBXBuildFile; fileRef = 7AB2C32F20F3450A009A9901 /* team-min.png */; };
		7AB2C3DF20F3450A009A9901 /* faucet-min.png in Resources */ = {isa = PBXBuildFile; fileRef = 7AB2C33020F3450A009A9901 /* faucet-min.png */; };
		7AB2C3E020F3450A009A9901 /* rainy-min.png in Resources */ = {isa = PBXBuildFile; fileRef = 7AB2C33120F3450A009A9901 /* rainy-min.png */; };
		7AB2C3E320F3456C009A9901 /* thinkingapple-min.png in Resources */ = {isa = PBXBuildFile; fileRef = 7AB2C3E120F3456C009A9901 /* thinkingapple-min.png */; };
		7AB2C3E420F3456C009A9901 /* think-min.png in Resources */ = {isa = PBXBuildFile; fileRef = 7AB2C3E220F3456C009A9901 /* think-min.png */; };
/* End PBXBuildFile section */

/* Begin PBXFileReference section */
		0CEA041E06EDFADE742F512A /* Pods-pachira.release.xcconfig */ = {isa = PBXFileReference; includeInIndex = 1; lastKnownFileType = text.xcconfig; name = "Pods-pachira.release.xcconfig"; path = "Pods/Target Support Files/Pods-pachira/Pods-pachira.release.xcconfig"; sourceTree = "<group>"; };
		79B0DDC89D100C11C86720AE /* Pods_pachira.framework */ = {isa = PBXFileReference; explicitFileType = wrapper.framework; includeInIndex = 0; path = Pods_pachira.framework; sourceTree = BUILT_PRODUCTS_DIR; };
		7A6A457A20EBA85B0086B926 /* PachiraViewController.swift */ = {isa = PBXFileReference; lastKnownFileType = sourcecode.swift; path = PachiraViewController.swift; sourceTree = "<group>"; };
		7A7CF60720DCDE55006D6744 /* pachira.app */ = {isa = PBXFileReference; explicitFileType = wrapper.application; includeInIndex = 0; path = pachira.app; sourceTree = BUILT_PRODUCTS_DIR; };
		7A7CF60A20DCDE55006D6744 /* AppDelegate.swift */ = {isa = PBXFileReference; lastKnownFileType = sourcecode.swift; path = AppDelegate.swift; sourceTree = "<group>"; };
		7A7CF60C20DCDE55006D6744 /* ViewController.swift */ = {isa = PBXFileReference; lastKnownFileType = sourcecode.swift; path = ViewController.swift; sourceTree = "<group>"; };
		7A7CF61220DCDE55006D6744 /* pachira.xcdatamodel */ = {isa = PBXFileReference; lastKnownFileType = wrapper.xcdatamodel; path = pachira.xcdatamodel; sourceTree = "<group>"; };
		7A7CF61420DCDE56006D6744 /* Assets.xcassets */ = {isa = PBXFileReference; lastKnownFileType = folder.assetcatalog; path = Assets.xcassets; sourceTree = "<group>"; };
		7A7CF61720DCDE56006D6744 /* Base */ = {isa = PBXFileReference; lastKnownFileType = file.storyboard; name = Base; path = Base.lproj/LaunchScreen.storyboard; sourceTree = "<group>"; };
		7A7CF61920DCDE56006D6744 /* Info.plist */ = {isa = PBXFileReference; lastKnownFileType = text.plist.xml; path = Info.plist; sourceTree = "<group>"; };
		7A7CF61F20DCDEC6006D6744 /* Idea+CoreDataClass.swift */ = {isa = PBXFileReference; lastKnownFileType = sourcecode.swift; path = "Idea+CoreDataClass.swift"; sourceTree = "<group>"; };
		7A7CF62020DCDEC6006D6744 /* Idea+CoreDataProperties.swift */ = {isa = PBXFileReference; lastKnownFileType = sourcecode.swift; path = "Idea+CoreDataProperties.swift"; sourceTree = "<group>"; };
		7A7CF6B520DCDF5F006D6744 /* CDIdea.swift */ = {isa = PBXFileReference; lastKnownFileType = sourcecode.swift; path = CDIdea.swift; sourceTree = "<group>"; };
		7A7CF6BB20DD169B006D6744 /* images.plist */ = {isa = PBXFileReference; lastKnownFileType = text.plist.xml; path = images.plist; sourceTree = "<group>"; };
		7A7CF6BD20DFBA1E006D6744 /* ThinkViewController.swift */ = {isa = PBXFileReference; lastKnownFileType = sourcecode.swift; path = ThinkViewController.swift; sourceTree = "<group>"; };
		7A7CF6BF20DFBC09006D6744 /* PImage.swift */ = {isa = PBXFileReference; lastKnownFileType = sourcecode.swift; path = PImage.swift; sourceTree = "<group>"; };
		7A7CF6C120DFE3C5006D6744 /* ListViewController.swift */ = {isa = PBXFileReference; lastKnownFileType = sourcecode.swift; path = ListViewController.swift; sourceTree = "<group>"; };
		7A7CF6C320DFF0B3006D6744 /* DetailViewController.swift */ = {isa = PBXFileReference; lastKnownFileType = sourcecode.swift; path = DetailViewController.swift; sourceTree = "<group>"; };
		7AB2C28320F34509009A9901 /* cube-sugar-min.png */ = {isa = PBXFileReference; lastKnownFileType = image.png; path = "cube-sugar-min.png"; sourceTree = "<group>"; };
		7AB2C28420F34509009A9901 /* people-min.png */ = {isa = PBXFileReference; lastKnownFileType = image.png; path = "people-min.png"; sourceTree = "<group>"; };
		7AB2C28520F34509009A9901 /* juice-min.png */ = {isa = PBXFileReference; lastKnownFileType = image.png; path = "juice-min.png"; sourceTree = "<group>"; };
		7AB2C28620F34509009A9901 /* sleep-min.png */ = {isa = PBXFileReference; lastKnownFileType = image.png; path = "sleep-min.png"; sourceTree = "<group>"; };
		7AB2C28720F34509009A9901 /* bowl-min.png */ = {isa = PBXFileReference; lastKnownFileType = image.png; path = "bowl-min.png"; sourceTree = "<group>"; };
		7AB2C28820F34509009A9901 /* movie-min.png */ = {isa = PBXFileReference; lastKnownFileType = image.png; path = "movie-min.png"; sourceTree = "<group>"; };
		7AB2C28920F34509009A9901 /* anonymous-min.png */ = {isa = PBXFileReference; lastKnownFileType = image.png; path = "anonymous-min.png"; sourceTree = "<group>"; };
		7AB2C28A20F34509009A9901 /* purse-min.png */ = {isa = PBXFileReference; lastKnownFileType = image.png; path = "purse-min.png"; sourceTree = "<group>"; };
		7AB2C28B20F34509009A9901 /* balloons-min.png */ = {isa = PBXFileReference; lastKnownFileType = image.png; path = "balloons-min.png"; sourceTree = "<group>"; };
		7AB2C28C20F34509009A9901 /* documents-min.png */ = {isa = PBXFileReference; lastKnownFileType = image.png; path = "documents-min.png"; sourceTree = "<group>"; };
		7AB2C28D20F34509009A9901 /* cherry-min.png */ = {isa = PBXFileReference; lastKnownFileType = image.png; path = "cherry-min.png"; sourceTree = "<group>"; };
		7AB2C28E20F34509009A9901 /* sexy-lip-min.png */ = {isa = PBXFileReference; lastKnownFileType = image.png; path = "sexy-lip-min.png"; sourceTree = "<group>"; };
		7AB2C28F20F34509009A9901 /* babybird-min.png */ = {isa = PBXFileReference; lastKnownFileType = image.png; path = "babybird-min.png"; sourceTree = "<group>"; };
		7AB2C29020F34509009A9901 /* love-letter-min.png */ = {isa = PBXFileReference; lastKnownFileType = image.png; path = "love-letter-min.png"; sourceTree = "<group>"; };
		7AB2C29120F34509009A9901 /* bald-min.png */ = {isa = PBXFileReference; lastKnownFileType = image.png; path = "bald-min.png"; sourceTree = "<group>"; };
		7AB2C29220F34509009A9901 /* font-min.png */ = {isa = PBXFileReference; lastKnownFileType = image.png; path = "font-min.png"; sourceTree = "<group>"; };
		7AB2C29320F34509009A9901 /* basket-min.png */ = {isa = PBXFileReference; lastKnownFileType = image.png; path = "basket-min.png"; sourceTree = "<group>"; };
		7AB2C29420F34509009A9901 /* note-min.png */ = {isa = PBXFileReference; lastKnownFileType = image.png; path = "note-min.png"; sourceTree = "<group>"; };
		7AB2C29520F34509009A9901 /* index-finger-min.png */ = {isa = PBXFileReference; lastKnownFileType = image.png; path = "index-finger-min.png"; sourceTree = "<group>"; };
		7AB2C29620F34509009A9901 /* game-min.png */ = {isa = PBXFileReference; lastKnownFileType = image.png; path = "game-min.png"; sourceTree = "<group>"; };
		7AB2C29720F34509009A9901 /* ear-min.png */ = {isa = PBXFileReference; lastKnownFileType = image.png; path = "ear-min.png"; sourceTree = "<group>"; };
		7AB2C29820F34509009A9901 /* romance-min.png */ = {isa = PBXFileReference; lastKnownFileType = image.png; path = "romance-min.png"; sourceTree = "<group>"; };
		7AB2C29920F34509009A9901 /* radio-cassette-min.png */ = {isa = PBXFileReference; lastKnownFileType = image.png; path = "radio-cassette-min.png"; sourceTree = "<group>"; };
		7AB2C29A20F34509009A9901 /* skull-min.png */ = {isa = PBXFileReference; lastKnownFileType = image.png; path = "skull-min.png"; sourceTree = "<group>"; };
		7AB2C29B20F34509009A9901 /* parent-and-child-min.png */ = {isa = PBXFileReference; lastKnownFileType = image.png; path = "parent-and-child-min.png"; sourceTree = "<group>"; };
		7AB2C29C20F34509009A9901 /* sound-min.png */ = {isa = PBXFileReference; lastKnownFileType = image.png; path = "sound-min.png"; sourceTree = "<group>"; };
		7AB2C29D20F34509009A9901 /* towl-min.png */ = {isa = PBXFileReference; lastKnownFileType = image.png; path = "towl-min.png"; sourceTree = "<group>"; };
		7AB2C29E20F34509009A9901 /* eye-min.png */ = {isa = PBXFileReference; lastKnownFileType = image.png; path = "eye-min.png"; sourceTree = "<group>"; };
		7AB2C29F20F34509009A9901 /* president-min.png */ = {isa = PBXFileReference; lastKnownFileType = image.png; path = "president-min.png"; sourceTree = "<group>"; };
		7AB2C2A020F34509009A9901 /* study-min.png */ = {isa = PBXFileReference; lastKnownFileType = image.png; path = "study-min.png"; sourceTree = "<group>"; };
		7AB2C2A120F34509009A9901 /* baseball-min.png */ = {isa = PBXFileReference; lastKnownFileType = image.png; path = "baseball-min.png"; sourceTree = "<group>"; };
		7AB2C2A220F34509009A9901 /* folk-knife-min.png */ = {isa = PBXFileReference; lastKnownFileType = image.png; path = "folk-knife-min.png"; sourceTree = "<group>"; };
		7AB2C2A320F34509009A9901 /* headache-min.png */ = {isa = PBXFileReference; lastKnownFileType = image.png; path = "headache-min.png"; sourceTree = "<group>"; };
		7AB2C2A420F34509009A9901 /* monster-min.png */ = {isa = PBXFileReference; lastKnownFileType = image.png; path = "monster-min.png"; sourceTree = "<group>"; };
		7AB2C2A520F34509009A9901 /* cheerleader-min.png */ = {isa = PBXFileReference; lastKnownFileType = image.png; path = "cheerleader-min.png"; sourceTree = "<group>"; };
		7AB2C2A620F34509009A9901 /* virus-min.png */ = {isa = PBXFileReference; lastKnownFileType = image.png; path = "virus-min.png"; sourceTree = "<group>"; };
		7AB2C2A720F34509009A9901 /* sns-min.png */ = {isa = PBXFileReference; lastKnownFileType = image.png; path = "sns-min.png"; sourceTree = "<group>"; };
		7AB2C2A820F34509009A9901 /* loudspeaker-min.png */ = {isa = PBXFileReference; lastKnownFileType = image.png; path = "loudspeaker-min.png"; sourceTree = "<group>"; };
		7AB2C2A920F34509009A9901 /* gramophone-min.png */ = {isa = PBXFileReference; lastKnownFileType = image.png; path = "gramophone-min.png"; sourceTree = "<group>"; };
		7AB2C2AA20F34509009A9901 /* gift-min.png */ = {isa = PBXFileReference; lastKnownFileType = image.png; path = "gift-min.png"; sourceTree = "<group>"; };
		7AB2C2AB20F34509009A9901 /* scoop-min.png */ = {isa = PBXFileReference; lastKnownFileType = image.png; path = "scoop-min.png"; sourceTree = "<group>"; };
		7AB2C2AC20F34509009A9901 /* car-min.png */ = {isa = PBXFileReference; lastKnownFileType = image.png; path = "car-min.png"; sourceTree = "<group>"; };
		7AB2C2AD20F34509009A9901 /* glasses2-min.png */ = {isa = PBXFileReference; lastKnownFileType = image.png; path = "glasses2-min.png"; sourceTree = "<group>"; };
		7AB2C2AE20F34509009A9901 /* doll-min.png */ = {isa = PBXFileReference; lastKnownFileType = image.png; path = "doll-min.png"; sourceTree = "<group>"; };
		7AB2C2AF20F34509009A9901 /* 24hour-min.png */ = {isa = PBXFileReference; lastKnownFileType = image.png; path = "24hour-min.png"; sourceTree = "<group>"; };
		7AB2C2B020F34509009A9901 /* read-min.png */ = {isa = PBXFileReference; lastKnownFileType = image.png; path = "read-min.png"; sourceTree = "<group>"; };
		7AB2C2B120F34509009A9901 /* rose-min.png */ = {isa = PBXFileReference; lastKnownFileType = image.png; path = "rose-min.png"; sourceTree = "<group>"; };
		7AB2C2B220F34509009A9901 /* projector-min.png */ = {isa = PBXFileReference; lastKnownFileType = image.png; path = "projector-min.png"; sourceTree = "<group>"; };
		7AB2C2B320F34509009A9901 /* snowman-min.png */ = {isa = PBXFileReference; lastKnownFileType = image.png; path = "snowman-min.png"; sourceTree = "<group>"; };
		7AB2C2B420F34509009A9901 /* free-min.png */ = {isa = PBXFileReference; lastKnownFileType = image.png; path = "free-min.png"; sourceTree = "<group>"; };
		7AB2C2B520F34509009A9901 /* kungfu-min.png */ = {isa = PBXFileReference; lastKnownFileType = image.png; path = "kungfu-min.png"; sourceTree = "<group>"; };
		7AB2C2B620F34509009A9901 /* honey-min.png */ = {isa = PBXFileReference; lastKnownFileType = image.png; path = "honey-min.png"; sourceTree = "<group>"; };
		7AB2C2B720F34509009A9901 /* angel-min.png */ = {isa = PBXFileReference; lastKnownFileType = image.png; path = "angel-min.png"; sourceTree = "<group>"; };
		7AB2C2B820F34509009A9901 /* alien2-min.png */ = {isa = PBXFileReference; lastKnownFileType = image.png; path = "alien2-min.png"; sourceTree = "<group>"; };
		7AB2C2B920F34509009A9901 /* pencil-min.png */ = {isa = PBXFileReference; lastKnownFileType = image.png; path = "pencil-min.png"; sourceTree = "<group>"; };
		7AB2C2BA20F34509009A9901 /* target-min.png */ = {isa = PBXFileReference; lastKnownFileType = image.png; path = "target-min.png"; sourceTree = "<group>"; };
		7AB2C2BB20F34509009A9901 /* fragile-min.png */ = {isa = PBXFileReference; lastKnownFileType = image.png; path = "fragile-min.png"; sourceTree = "<group>"; };
		7AB2C2BC20F34509009A9901 /* squirre-min.png */ = {isa = PBXFileReference; lastKnownFileType = image.png; path = "squirre-min.png"; sourceTree = "<group>"; };
		7AB2C2BD20F34509009A9901 /* leaf-min.png */ = {isa = PBXFileReference; lastKnownFileType = image.png; path = "leaf-min.png"; sourceTree = "<group>"; };
		7AB2C2BE20F34509009A9901 /* pirate-flag-min.png */ = {isa = PBXFileReference; lastKnownFileType = image.png; path = "pirate-flag-min.png"; sourceTree = "<group>"; };
		7AB2C2BF20F34509009A9901 /* atom-min.png */ = {isa = PBXFileReference; lastKnownFileType = image.png; path = "atom-min.png"; sourceTree = "<group>"; };
		7AB2C2C020F34509009A9901 /* toilet-paper-min.png */ = {isa = PBXFileReference; lastKnownFileType = image.png; path = "toilet-paper-min.png"; sourceTree = "<group>"; };
		7AB2C2C120F34509009A9901 /* calender2-min.png */ = {isa = PBXFileReference; lastKnownFileType = image.png; path = "calender2-min.png"; sourceTree = "<group>"; };
		7AB2C2C220F34509009A9901 /* monkey-min.png */ = {isa = PBXFileReference; lastKnownFileType = image.png; path = "monkey-min.png"; sourceTree = "<group>"; };
		7AB2C2C320F34509009A9901 /* key-min.png */ = {isa = PBXFileReference; lastKnownFileType = image.png; path = "key-min.png"; sourceTree = "<group>"; };
		7AB2C2C420F34509009A9901 /* gargle-min.png */ = {isa = PBXFileReference; lastKnownFileType = image.png; path = "gargle-min.png"; sourceTree = "<group>"; };
		7AB2C2C520F34509009A9901 /* piggy-bank-min.png */ = {isa = PBXFileReference; lastKnownFileType = image.png; path = "piggy-bank-min.png"; sourceTree = "<group>"; };
		7AB2C2C620F34509009A9901 /* lady-min.png */ = {isa = PBXFileReference; lastKnownFileType = image.png; path = "lady-min.png"; sourceTree = "<group>"; };
		7AB2C2C720F34509009A9901 /* ink-min.png */ = {isa = PBXFileReference; lastKnownFileType = image.png; path = "ink-min.png"; sourceTree = "<group>"; };
		7AB2C2C820F34509009A9901 /* compass-min.png */ = {isa = PBXFileReference; lastKnownFileType = image.png; path = "compass-min.png"; sourceTree = "<group>"; };
		7AB2C2C920F34509009A9901 /* bomb-min.png */ = {isa = PBXFileReference; lastKnownFileType = image.png; path = "bomb-min.png"; sourceTree = "<group>"; };
		7AB2C2CA20F34509009A9901 /* moon-min.png */ = {isa = PBXFileReference; lastKnownFileType = image.png; path = "moon-min.png"; sourceTree = "<group>"; };
		7AB2C2CB20F34509009A9901 /* crub-min.png */ = {isa = PBXFileReference; lastKnownFileType = image.png; path = "crub-min.png"; sourceTree = "<group>"; };
		7AB2C2CC20F34509009A9901 /* map2-min.png */ = {isa = PBXFileReference; lastKnownFileType = image.png; path = "map2-min.png"; sourceTree = "<group>"; };
		7AB2C2CD20F34509009A9901 /* fish-hook-min.png */ = {isa = PBXFileReference; lastKnownFileType = image.png; path = "fish-hook-min.png"; sourceTree = "<group>"; };
		7AB2C2CE20F34509009A9901 /* dracula-min.png */ = {isa = PBXFileReference; lastKnownFileType = image.png; path = "dracula-min.png"; sourceTree = "<group>"; };
		7AB2C2CF20F34509009A9901 /* money-min.png */ = {isa = PBXFileReference; lastKnownFileType = image.png; path = "money-min.png"; sourceTree = "<group>"; };
		7AB2C2D020F34509009A9901 /* cracker-min.png */ = {isa = PBXFileReference; lastKnownFileType = image.png; path = "cracker-min.png"; sourceTree = "<group>"; };
		7AB2C2D120F34509009A9901 /* hamburger-min.png */ = {isa = PBXFileReference; lastKnownFileType = image.png; path = "hamburger-min.png"; sourceTree = "<group>"; };
		7AB2C2D220F34509009A9901 /* fire-min.png */ = {isa = PBXFileReference; lastKnownFileType = image.png; path = "fire-min.png"; sourceTree = "<group>"; };
		7AB2C2D320F34509009A9901 /* scissors-min.png */ = {isa = PBXFileReference; lastKnownFileType = image.png; path = "scissors-min.png"; sourceTree = "<group>"; };
		7AB2C2D420F34509009A9901 /* patlamp-min.png */ = {isa = PBXFileReference; lastKnownFileType = image.png; path = "patlamp-min.png"; sourceTree = "<group>"; };
		7AB2C2D520F34509009A9901 /* camera-min.png */ = {isa = PBXFileReference; lastKnownFileType = image.png; path = "camera-min.png"; sourceTree = "<group>"; };
		7AB2C2D620F34509009A9901 /* apple-min.png */ = {isa = PBXFileReference; lastKnownFileType = image.png; path = "apple-min.png"; sourceTree = "<group>"; };
		7AB2C2D720F34509009A9901 /* questionnaire-min.png */ = {isa = PBXFileReference; lastKnownFileType = image.png; path = "questionnaire-min.png"; sourceTree = "<group>"; };
		7AB2C2D820F34509009A9901 /* mic-min.png */ = {isa = PBXFileReference; lastKnownFileType = image.png; path = "mic-min.png"; sourceTree = "<group>"; };
		7AB2C2D920F34509009A9901 /* rocket-min.png */ = {isa = PBXFileReference; lastKnownFileType = image.png; path = "rocket-min.png"; sourceTree = "<group>"; };
		7AB2C2DA20F34509009A9901 /* clapperboard-min.png */ = {isa = PBXFileReference; lastKnownFileType = image.png; path = "clapperboard-min.png"; sourceTree = "<group>"; };
		7AB2C2DB20F34509009A9901 /* graph-min.png */ = {isa = PBXFileReference; lastKnownFileType = image.png; path = "graph-min.png"; sourceTree = "<group>"; };
		7AB2C2DC20F34509009A9901 /* calender-min.png */ = {isa = PBXFileReference; lastKnownFileType = image.png; path = "calender-min.png"; sourceTree = "<group>"; };
		7AB2C2DD20F34509009A9901 /* fossil-min.png */ = {isa = PBXFileReference; lastKnownFileType = image.png; path = "fossil-min.png"; sourceTree = "<group>"; };
		7AB2C2DE20F34509009A9901 /* kraken-min.png */ = {isa = PBXFileReference; lastKnownFileType = image.png; path = "kraken-min.png"; sourceTree = "<group>"; };
		7AB2C2DF20F34509009A9901 /* desktop-pc-min.png */ = {isa = PBXFileReference; lastKnownFileType = image.png; path = "desktop-pc-min.png"; sourceTree = "<group>"; };
		7AB2C2E020F34509009A9901 /* marker-min.png */ = {isa = PBXFileReference; lastKnownFileType = image.png; path = "marker-min.png"; sourceTree = "<group>"; };
		7AB2C2E120F34509009A9901 /* umbrella-min.png */ = {isa = PBXFileReference; lastKnownFileType = image.png; path = "umbrella-min.png"; sourceTree = "<group>"; };
		7AB2C2E220F34509009A9901 /* diamond-min.png */ = {isa = PBXFileReference; lastKnownFileType = image.png; path = "diamond-min.png"; sourceTree = "<group>"; };
		7AB2C2E320F34509009A9901 /* tablespoon-min.png */ = {isa = PBXFileReference; lastKnownFileType = image.png; path = "tablespoon-min.png"; sourceTree = "<group>"; };
		7AB2C2E420F34509009A9901 /* paint-can-min.png */ = {isa = PBXFileReference; lastKnownFileType = image.png; path = "paint-can-min.png"; sourceTree = "<group>"; };
		7AB2C2E520F34509009A9901 /* punch-min.png */ = {isa = PBXFileReference; lastKnownFileType = image.png; path = "punch-min.png"; sourceTree = "<group>"; };
		7AB2C2E620F34509009A9901 /* onsen-min.png */ = {isa = PBXFileReference; lastKnownFileType = image.png; path = "onsen-min.png"; sourceTree = "<group>"; };
		7AB2C2E720F34509009A9901 /* clay-figure-min.png */ = {isa = PBXFileReference; lastKnownFileType = image.png; path = "clay-figure-min.png"; sourceTree = "<group>"; };
		7AB2C2E820F34509009A9901 /* small-bomb-min.png */ = {isa = PBXFileReference; lastKnownFileType = image.png; path = "small-bomb-min.png"; sourceTree = "<group>"; };
		7AB2C2E920F34509009A9901 /* map-min.png */ = {isa = PBXFileReference; lastKnownFileType = image.png; path = "map-min.png"; sourceTree = "<group>"; };
		7AB2C2EA20F34509009A9901 /* triangle-min.png */ = {isa = PBXFileReference; lastKnownFileType = image.png; path = "triangle-min.png"; sourceTree = "<group>"; };
		7AB2C2EB20F34509009A9901 /* cards-min.png */ = {isa = PBXFileReference; lastKnownFileType = image.png; path = "cards-min.png"; sourceTree = "<group>"; };
		7AB2C2EC20F34509009A9901 /* lightbulb-min.png */ = {isa = PBXFileReference; lastKnownFileType = image.png; path = "lightbulb-min.png"; sourceTree = "<group>"; };
		7AB2C2ED20F34509009A9901 /* menu-min.png */ = {isa = PBXFileReference; lastKnownFileType = image.png; path = "menu-min.png"; sourceTree = "<group>"; };
		7AB2C2EE20F34509009A9901 /* cat-min.png */ = {isa = PBXFileReference; lastKnownFileType = image.png; path = "cat-min.png"; sourceTree = "<group>"; };
		7AB2C2EF20F34509009A9901 /* stump-min.png */ = {isa = PBXFileReference; lastKnownFileType = image.png; path = "stump-min.png"; sourceTree = "<group>"; };
		7AB2C2F020F34509009A9901 /* glasses-min.png */ = {isa = PBXFileReference; lastKnownFileType = image.png; path = "glasses-min.png"; sourceTree = "<group>"; };
		7AB2C2F120F34509009A9901 /* skull2-min.png */ = {isa = PBXFileReference; lastKnownFileType = image.png; path = "skull2-min.png"; sourceTree = "<group>"; };
		7AB2C2F220F34509009A9901 /* loose-leaf-min.png */ = {isa = PBXFileReference; lastKnownFileType = image.png; path = "loose-leaf-min.png"; sourceTree = "<group>"; };
		7AB2C2F320F34509009A9901 /* hourglass-min.png */ = {isa = PBXFileReference; lastKnownFileType = image.png; path = "hourglass-min.png"; sourceTree = "<group>"; };
		7AB2C2F420F34509009A9901 /* spanner-min.png */ = {isa = PBXFileReference; lastKnownFileType = image.png; path = "spanner-min.png"; sourceTree = "<group>"; };
		7AB2C2F520F34509009A9901 /* injector-min.png */ = {isa = PBXFileReference; lastKnownFileType = image.png; path = "injector-min.png"; sourceTree = "<group>"; };
		7AB2C2F620F34509009A9901 /* fingerprint-min.png */ = {isa = PBXFileReference; lastKnownFileType = image.png; path = "fingerprint-min.png"; sourceTree = "<group>"; };
		7AB2C2F720F34509009A9901 /* telephone-min.png */ = {isa = PBXFileReference; lastKnownFileType = image.png; path = "telephone-min.png"; sourceTree = "<group>"; };
		7AB2C2F820F34509009A9901 /* hat-min.png */ = {isa = PBXFileReference; lastKnownFileType = image.png; path = "hat-min.png"; sourceTree = "<group>"; };
		7AB2C2F920F34509009A9901 /* fish-min.png */ = {isa = PBXFileReference; lastKnownFileType = image.png; path = "fish-min.png"; sourceTree = "<group>"; };
		7AB2C2FA20F34509009A9901 /* gear-min.png */ = {isa = PBXFileReference; lastKnownFileType = image.png; path = "gear-min.png"; sourceTree = "<group>"; };
		7AB2C2FB20F34509009A9901 /* drum-min.png */ = {isa = PBXFileReference; lastKnownFileType = image.png; path = "drum-min.png"; sourceTree = "<group>"; };
		7AB2C2FC20F34509009A9901 /* wine-min.png */ = {isa = PBXFileReference; lastKnownFileType = image.png; path = "wine-min.png"; sourceTree = "<group>"; };
		7AB2C2FD20F34509009A9901 /* caution-mark-min.png */ = {isa = PBXFileReference; lastKnownFileType = image.png; path = "caution-mark-min.png"; sourceTree = "<group>"; };
		7AB2C2FE20F34509009A9901 /* mail-min.png */ = {isa = PBXFileReference; lastKnownFileType = image.png; path = "mail-min.png"; sourceTree = "<group>"; };
		7AB2C2FF20F34509009A9901 /* himantolophidae-min.png */ = {isa = PBXFileReference; lastKnownFileType = image.png; path = "himantolophidae-min.png"; sourceTree = "<group>"; };
		7AB2C30020F34509009A9901 /* tag-min.png */ = {isa = PBXFileReference; lastKnownFileType = image.png; path = "tag-min.png"; sourceTree = "<group>"; };
		7AB2C30120F34509009A9901 /* couple-min.png */ = {isa = PBXFileReference; lastKnownFileType = image.png; path = "couple-min.png"; sourceTree = "<group>"; };
		7AB2C30220F34509009A9901 /* alien-min.png */ = {isa = PBXFileReference; lastKnownFileType = image.png; path = "alien-min.png"; sourceTree = "<group>"; };
		7AB2C30320F34509009A9901 /* pencil2-min.png */ = {isa = PBXFileReference; lastKnownFileType = image.png; path = "pencil2-min.png"; sourceTree = "<group>"; };
		7AB2C30420F3450A009A9901 /* pig-min.png */ = {isa = PBXFileReference; lastKnownFileType = image.png; path = "pig-min.png"; sourceTree = "<group>"; };
		7AB2C30520F3450A009A9901 /* macho-min.png */ = {isa = PBXFileReference; lastKnownFileType = image.png; path = "macho-min.png"; sourceTree = "<group>"; };
		7AB2C30620F3450A009A9901 /* balloon-min.png */ = {isa = PBXFileReference; lastKnownFileType = image.png; path = "balloon-min.png"; sourceTree = "<group>"; };
		7AB2C30720F3450A009A9901 /* babybird2-min.png */ = {isa = PBXFileReference; lastKnownFileType = image.png; path = "babybird2-min.png"; sourceTree = "<group>"; };
		7AB2C30820F3450A009A9901 /* satellite-min.png */ = {isa = PBXFileReference; lastKnownFileType = image.png; path = "satellite-min.png"; sourceTree = "<group>"; };
		7AB2C30920F3450A009A9901 /* elephant-min.png */ = {isa = PBXFileReference; lastKnownFileType = image.png; path = "elephant-min.png"; sourceTree = "<group>"; };
		7AB2C30A20F3450A009A9901 /* tobacco-min.png */ = {isa = PBXFileReference; lastKnownFileType = image.png; path = "tobacco-min.png"; sourceTree = "<group>"; };
		7AB2C30B20F3450A009A9901 /* bee-min.png */ = {isa = PBXFileReference; lastKnownFileType = image.png; path = "bee-min.png"; sourceTree = "<group>"; };
		7AB2C30C20F3450A009A9901 /* taxi-min.png */ = {isa = PBXFileReference; lastKnownFileType = image.png; path = "taxi-min.png"; sourceTree = "<group>"; };
		7AB2C30D20F3450A009A9901 /* clock-min.png */ = {isa = PBXFileReference; lastKnownFileType = image.png; path = "clock-min.png"; sourceTree = "<group>"; };
		7AB2C30E20F3450A009A9901 /* like-hand-min.png */ = {isa = PBXFileReference; lastKnownFileType = image.png; path = "like-hand-min.png"; sourceTree = "<group>"; };
		7AB2C30F20F3450A009A9901 /* garbage-can-min.png */ = {isa = PBXFileReference; lastKnownFileType = image.png; path = "garbage-can-min.png"; sourceTree = "<group>"; };
		7AB2C31020F3450A009A9901 /* certificate-min.png */ = {isa = PBXFileReference; lastKnownFileType = image.png; path = "certificate-min.png"; sourceTree = "<group>"; };
		7AB2C31120F3450A009A9901 /* book-min.png */ = {isa = PBXFileReference; lastKnownFileType = image.png; path = "book-min.png"; sourceTree = "<group>"; };
		7AB2C31220F3450A009A9901 /* grab-min.png */ = {isa = PBXFileReference; lastKnownFileType = image.png; path = "grab-min.png"; sourceTree = "<group>"; };
		7AB2C31320F3450A009A9901 /* elevator-min.png */ = {isa = PBXFileReference; lastKnownFileType = image.png; path = "elevator-min.png"; sourceTree = "<group>"; };
		7AB2C31420F3450A009A9901 /* mushroom-clouds-min.png */ = {isa = PBXFileReference; lastKnownFileType = image.png; path = "mushroom-clouds-min.png"; sourceTree = "<group>"; };
		7AB2C31520F3450A009A9901 /* wheelchair-min.png */ = {isa = PBXFileReference; lastKnownFileType = image.png; path = "wheelchair-min.png"; sourceTree = "<group>"; };
		7AB2C31620F3450A009A9901 /* bat-min.png */ = {isa = PBXFileReference; lastKnownFileType = image.png; path = "bat-min.png"; sourceTree = "<group>"; };
		7AB2C31720F3450A009A9901 /* music-min.png */ = {isa = PBXFileReference; lastKnownFileType = image.png; path = "music-min.png"; sourceTree = "<group>"; };
		7AB2C31820F3450A009A9901 /* crocodile-min.png */ = {isa = PBXFileReference; lastKnownFileType = image.png; path = "crocodile-min.png"; sourceTree = "<group>"; };
		7AB2C31920F3450A009A9901 /* gumtape-min.png */ = {isa = PBXFileReference; lastKnownFileType = image.png; path = "gumtape-min.png"; sourceTree = "<group>"; };
		7AB2C31A20F3450A009A9901 /* peach-min.png */ = {isa = PBXFileReference; lastKnownFileType = image.png; path = "peach-min.png"; sourceTree = "<group>"; };
		7AB2C31B20F3450A009A9901 /* island-min.png */ = {isa = PBXFileReference; lastKnownFileType = image.png; path = "island-min.png"; sourceTree = "<group>"; };
		7AB2C31C20F3450A009A9901 /* mosquito-min.png */ = {isa = PBXFileReference; lastKnownFileType = image.png; path = "mosquito-min.png"; sourceTree = "<group>"; };
		7AB2C31D20F3450A009A9901 /* puzzle-min.png */ = {isa = PBXFileReference; lastKnownFileType = image.png; path = "puzzle-min.png"; sourceTree = "<group>"; };
		7AB2C31E20F3450A009A9901 /* maze-min.png */ = {isa = PBXFileReference; lastKnownFileType = image.png; path = "maze-min.png"; sourceTree = "<group>"; };
		7AB2C31F20F3450A009A9901 /* sword-min.png */ = {isa = PBXFileReference; lastKnownFileType = image.png; path = "sword-min.png"; sourceTree = "<group>"; };
		7AB2C32020F3450A009A9901 /* stairs-min.png */ = {isa = PBXFileReference; lastKnownFileType = image.png; path = "stairs-min.png"; sourceTree = "<group>"; };
		7AB2C32120F3450A009A9901 /* shrimp-min.png */ = {isa = PBXFileReference; lastKnownFileType = image.png; path = "shrimp-min.png"; sourceTree = "<group>"; };
		7AB2C32220F3450A009A9901 /* balance-min.png */ = {isa = PBXFileReference; lastKnownFileType = image.png; path = "balance-min.png"; sourceTree = "<group>"; };
		7AB2C32320F3450A009A9901 /* pocket-money-min.png */ = {isa = PBXFileReference; lastKnownFileType = image.png; path = "pocket-money-min.png"; sourceTree = "<group>"; };
		7AB2C32420F3450A009A9901 /* exchange-min.png */ = {isa = PBXFileReference; lastKnownFileType = image.png; path = "exchange-min.png"; sourceTree = "<group>"; };
		7AB2C32520F3450A009A9901 /* cake-min.png */ = {isa = PBXFileReference; lastKnownFileType = image.png; path = "cake-min.png"; sourceTree = "<group>"; };
		7AB2C32620F3450A009A9901 /* quill-pen-min.png */ = {isa = PBXFileReference; lastKnownFileType = image.png; path = "quill-pen-min.png"; sourceTree = "<group>"; };
		7AB2C32720F3450A009A9901 /* calculator-min.png */ = {isa = PBXFileReference; lastKnownFileType = image.png; path = "calculator-min.png"; sourceTree = "<group>"; };
		7AB2C32820F3450A009A9901 /* shakehands-min.png */ = {isa = PBXFileReference; lastKnownFileType = image.png; path = "shakehands-min.png"; sourceTree = "<group>"; };
		7AB2C32920F3450A009A9901 /* killroy-min.png */ = {isa = PBXFileReference; lastKnownFileType = image.png; path = "killroy-min.png"; sourceTree = "<group>"; };
		7AB2C32A20F3450A009A9901 /* cocktail-min.png */ = {isa = PBXFileReference; lastKnownFileType = image.png; path = "cocktail-min.png"; sourceTree = "<group>"; };
		7AB2C32B20F3450A009A9901 /* paint-brush-min.png */ = {isa = PBXFileReference; lastKnownFileType = image.png; path = "paint-brush-min.png"; sourceTree = "<group>"; };
		7AB2C32C20F3450A009A9901 /* shake-min.png */ = {isa = PBXFileReference; lastKnownFileType = image.png; path = "shake-min.png"; sourceTree = "<group>"; };
		7AB2C32D20F3450A009A9901 /* sunrise-min.png */ = {isa = PBXFileReference; lastKnownFileType = image.png; path = "sunrise-min.png"; sourceTree = "<group>"; };
		7AB2C32E20F3450A009A9901 /* magic-min.png */ = {isa = PBXFileReference; lastKnownFileType = image.png; path = "magic-min.png"; sourceTree = "<group>"; };
		7AB2C32F20F3450A009A9901 /* team-min.png */ = {isa = PBXFileReference; lastKnownFileType = image.png; path = "team-min.png"; sourceTree = "<group>"; };
		7AB2C33020F3450A009A9901 /* faucet-min.png */ = {isa = PBXFileReference; lastKnownFileType = image.png; path = "faucet-min.png"; sourceTree = "<group>"; };
		7AB2C33120F3450A009A9901 /* rainy-min.png */ = {isa = PBXFileReference; lastKnownFileType = image.png; path = "rainy-min.png"; sourceTree = "<group>"; };
		7AB2C3E120F3456C009A9901 /* thinkingapple-min.png */ = {isa = PBXFileReference; lastKnownFileType = image.png; path = "thinkingapple-min.png"; sourceTree = "<group>"; };
		7AB2C3E220F3456C009A9901 /* think-min.png */ = {isa = PBXFileReference; lastKnownFileType = image.png; path = "think-min.png"; sourceTree = "<group>"; };
		E21F106DC6118DEACF82B0A9 /* Pods-pachira.debug.xcconfig */ = {isa = PBXFileReference; includeInIndex = 1; lastKnownFileType = text.xcconfig; name = "Pods-pachira.debug.xcconfig"; path = "Pods/Target Support Files/Pods-pachira/Pods-pachira.debug.xcconfig"; sourceTree = "<group>"; };
/* End PBXFileReference section */

/* Begin PBXFrameworksBuildPhase section */
		7A7CF60420DCDE55006D6744 /* Frameworks */ = {
			isa = PBXFrameworksBuildPhase;
			buildActionMask = 2147483647;
			files = (
				6A698DB54F3D5B28309433F8 /* Pods_pachira.framework in Frameworks */,
			);
			runOnlyForDeploymentPostprocessing = 0;
		};
/* End PBXFrameworksBuildPhase section */

/* Begin PBXGroup section */
		7A7CF5FE20DCDE55006D6744 = {
			isa = PBXGroup;
			children = (
				7A7CF61F20DCDEC6006D6744 /* Idea+CoreDataClass.swift */,
				7A7CF62020DCDEC6006D6744 /* Idea+CoreDataProperties.swift */,
				7A7CF60920DCDE55006D6744 /* pachira */,
				7A7CF60820DCDE55006D6744 /* Products */,
				F47030957DC357332A2620E4 /* Pods */,
				96814C34C35DC6D43E85344B /* Frameworks */,
			);
			sourceTree = "<group>";
		};
		7A7CF60820DCDE55006D6744 /* Products */ = {
			isa = PBXGroup;
			children = (
				7A7CF60720DCDE55006D6744 /* pachira.app */,
			);
			name = Products;
			sourceTree = "<group>";
		};
		7A7CF60920DCDE55006D6744 /* pachira */ = {
			isa = PBXGroup;
			children = (
				7AB2C28220F34509009A9901 /* image */,
				7A7CF6B420DCDF54006D6744 /* Model */,
				7A7CF60A20DCDE55006D6744 /* AppDelegate.swift */,
				7A6A457A20EBA85B0086B926 /* PachiraViewController.swift */,
				7A7CF60C20DCDE55006D6744 /* ViewController.swift */,
				7A7CF6BD20DFBA1E006D6744 /* ThinkViewController.swift */,
				7A7CF6C120DFE3C5006D6744 /* ListViewController.swift */,
				7A7CF6C320DFF0B3006D6744 /* DetailViewController.swift */,
				7A7CF61420DCDE56006D6744 /* Assets.xcassets */,
				7A7CF61620DCDE56006D6744 /* LaunchScreen.storyboard */,
				7A7CF61920DCDE56006D6744 /* Info.plist */,
				7A7CF61120DCDE55006D6744 /* pachira.xcdatamodeld */,
				7A7CF6BB20DD169B006D6744 /* images.plist */,
			);
			path = pachira;
			sourceTree = "<group>";
		};
		7A7CF6B420DCDF54006D6744 /* Model */ = {
			isa = PBXGroup;
			children = (
				7A7CF6B520DCDF5F006D6744 /* CDIdea.swift */,
				7A7CF6BF20DFBC09006D6744 /* PImage.swift */,
			);
			path = Model;
			sourceTree = "<group>";
		};
		7AB2C28220F34509009A9901 /* image */ = {
			isa = PBXGroup;
			children = (
				7AB2C3E220F3456C009A9901 /* think-min.png */,
				7AB2C3E120F3456C009A9901 /* thinkingapple-min.png */,
				7AB2C28320F34509009A9901 /* cube-sugar-min.png */,
				7AB2C28420F34509009A9901 /* people-min.png */,
				7AB2C28520F34509009A9901 /* juice-min.png */,
				7AB2C28620F34509009A9901 /* sleep-min.png */,
				7AB2C28720F34509009A9901 /* bowl-min.png */,
				7AB2C28820F34509009A9901 /* movie-min.png */,
				7AB2C28920F34509009A9901 /* anonymous-min.png */,
				7AB2C28A20F34509009A9901 /* purse-min.png */,
				7AB2C28B20F34509009A9901 /* balloons-min.png */,
				7AB2C28C20F34509009A9901 /* documents-min.png */,
				7AB2C28D20F34509009A9901 /* cherry-min.png */,
				7AB2C28E20F34509009A9901 /* sexy-lip-min.png */,
				7AB2C28F20F34509009A9901 /* babybird-min.png */,
				7AB2C29020F34509009A9901 /* love-letter-min.png */,
				7AB2C29120F34509009A9901 /* bald-min.png */,
				7AB2C29220F34509009A9901 /* font-min.png */,
				7AB2C29320F34509009A9901 /* basket-min.png */,
				7AB2C29420F34509009A9901 /* note-min.png */,
				7AB2C29520F34509009A9901 /* index-finger-min.png */,
				7AB2C29620F34509009A9901 /* game-min.png */,
				7AB2C29720F34509009A9901 /* ear-min.png */,
				7AB2C29820F34509009A9901 /* romance-min.png */,
				7AB2C29920F34509009A9901 /* radio-cassette-min.png */,
				7AB2C29A20F34509009A9901 /* skull-min.png */,
				7AB2C29B20F34509009A9901 /* parent-and-child-min.png */,
				7AB2C29C20F34509009A9901 /* sound-min.png */,
				7AB2C29D20F34509009A9901 /* towl-min.png */,
				7AB2C29E20F34509009A9901 /* eye-min.png */,
				7AB2C29F20F34509009A9901 /* president-min.png */,
				7AB2C2A020F34509009A9901 /* study-min.png */,
				7AB2C2A120F34509009A9901 /* baseball-min.png */,
				7AB2C2A220F34509009A9901 /* folk-knife-min.png */,
				7AB2C2A320F34509009A9901 /* headache-min.png */,
				7AB2C2A420F34509009A9901 /* monster-min.png */,
				7AB2C2A520F34509009A9901 /* cheerleader-min.png */,
				7AB2C2A620F34509009A9901 /* virus-min.png */,
				7AB2C2A720F34509009A9901 /* sns-min.png */,
				7AB2C2A820F34509009A9901 /* loudspeaker-min.png */,
				7AB2C2A920F34509009A9901 /* gramophone-min.png */,
				7AB2C2AA20F34509009A9901 /* gift-min.png */,
				7AB2C2AB20F34509009A9901 /* scoop-min.png */,
				7AB2C2AC20F34509009A9901 /* car-min.png */,
				7AB2C2AD20F34509009A9901 /* glasses2-min.png */,
				7AB2C2AE20F34509009A9901 /* doll-min.png */,
				7AB2C2AF20F34509009A9901 /* 24hour-min.png */,
				7AB2C2B020F34509009A9901 /* read-min.png */,
				7AB2C2B120F34509009A9901 /* rose-min.png */,
				7AB2C2B220F34509009A9901 /* projector-min.png */,
				7AB2C2B320F34509009A9901 /* snowman-min.png */,
				7AB2C2B420F34509009A9901 /* free-min.png */,
				7AB2C2B520F34509009A9901 /* kungfu-min.png */,
				7AB2C2B620F34509009A9901 /* honey-min.png */,
				7AB2C2B720F34509009A9901 /* angel-min.png */,
				7AB2C2B820F34509009A9901 /* alien2-min.png */,
				7AB2C2B920F34509009A9901 /* pencil-min.png */,
				7AB2C2BA20F34509009A9901 /* target-min.png */,
				7AB2C2BB20F34509009A9901 /* fragile-min.png */,
				7AB2C2BC20F34509009A9901 /* squirre-min.png */,
				7AB2C2BD20F34509009A9901 /* leaf-min.png */,
				7AB2C2BE20F34509009A9901 /* pirate-flag-min.png */,
				7AB2C2BF20F34509009A9901 /* atom-min.png */,
				7AB2C2C020F34509009A9901 /* toilet-paper-min.png */,
				7AB2C2C120F34509009A9901 /* calender2-min.png */,
				7AB2C2C220F34509009A9901 /* monkey-min.png */,
				7AB2C2C320F34509009A9901 /* key-min.png */,
				7AB2C2C420F34509009A9901 /* gargle-min.png */,
				7AB2C2C520F34509009A9901 /* piggy-bank-min.png */,
				7AB2C2C620F34509009A9901 /* lady-min.png */,
				7AB2C2C720F34509009A9901 /* ink-min.png */,
				7AB2C2C820F34509009A9901 /* compass-min.png */,
				7AB2C2C920F34509009A9901 /* bomb-min.png */,
				7AB2C2CA20F34509009A9901 /* moon-min.png */,
				7AB2C2CB20F34509009A9901 /* crub-min.png */,
				7AB2C2CC20F34509009A9901 /* map2-min.png */,
				7AB2C2CD20F34509009A9901 /* fish-hook-min.png */,
				7AB2C2CE20F34509009A9901 /* dracula-min.png */,
				7AB2C2CF20F34509009A9901 /* money-min.png */,
				7AB2C2D020F34509009A9901 /* cracker-min.png */,
				7AB2C2D120F34509009A9901 /* hamburger-min.png */,
				7AB2C2D220F34509009A9901 /* fire-min.png */,
				7AB2C2D320F34509009A9901 /* scissors-min.png */,
				7AB2C2D420F34509009A9901 /* patlamp-min.png */,
				7AB2C2D520F34509009A9901 /* camera-min.png */,
				7AB2C2D620F34509009A9901 /* apple-min.png */,
				7AB2C2D720F34509009A9901 /* questionnaire-min.png */,
				7AB2C2D820F34509009A9901 /* mic-min.png */,
				7AB2C2D920F34509009A9901 /* rocket-min.png */,
				7AB2C2DA20F34509009A9901 /* clapperboard-min.png */,
				7AB2C2DB20F34509009A9901 /* graph-min.png */,
				7AB2C2DC20F34509009A9901 /* calender-min.png */,
				7AB2C2DD20F34509009A9901 /* fossil-min.png */,
				7AB2C2DE20F34509009A9901 /* kraken-min.png */,
				7AB2C2DF20F34509009A9901 /* desktop-pc-min.png */,
				7AB2C2E020F34509009A9901 /* marker-min.png */,
				7AB2C2E120F34509009A9901 /* umbrella-min.png */,
				7AB2C2E220F34509009A9901 /* diamond-min.png */,
				7AB2C2E320F34509009A9901 /* tablespoon-min.png */,
				7AB2C2E420F34509009A9901 /* paint-can-min.png */,
				7AB2C2E520F34509009A9901 /* punch-min.png */,
				7AB2C2E620F34509009A9901 /* onsen-min.png */,
				7AB2C2E720F34509009A9901 /* clay-figure-min.png */,
				7AB2C2E820F34509009A9901 /* small-bomb-min.png */,
				7AB2C2E920F34509009A9901 /* map-min.png */,
				7AB2C2EA20F34509009A9901 /* triangle-min.png */,
				7AB2C2EB20F34509009A9901 /* cards-min.png */,
				7AB2C2EC20F34509009A9901 /* lightbulb-min.png */,
				7AB2C2ED20F34509009A9901 /* menu-min.png */,
				7AB2C2EE20F34509009A9901 /* cat-min.png */,
				7AB2C2EF20F34509009A9901 /* stump-min.png */,
				7AB2C2F020F34509009A9901 /* glasses-min.png */,
				7AB2C2F120F34509009A9901 /* skull2-min.png */,
				7AB2C2F220F34509009A9901 /* loose-leaf-min.png */,
				7AB2C2F320F34509009A9901 /* hourglass-min.png */,
				7AB2C2F420F34509009A9901 /* spanner-min.png */,
				7AB2C2F520F34509009A9901 /* injector-min.png */,
				7AB2C2F620F34509009A9901 /* fingerprint-min.png */,
				7AB2C2F720F34509009A9901 /* telephone-min.png */,
				7AB2C2F820F34509009A9901 /* hat-min.png */,
				7AB2C2F920F34509009A9901 /* fish-min.png */,
				7AB2C2FA20F34509009A9901 /* gear-min.png */,
				7AB2C2FB20F34509009A9901 /* drum-min.png */,
				7AB2C2FC20F34509009A9901 /* wine-min.png */,
				7AB2C2FD20F34509009A9901 /* caution-mark-min.png */,
				7AB2C2FE20F34509009A9901 /* mail-min.png */,
				7AB2C2FF20F34509009A9901 /* himantolophidae-min.png */,
				7AB2C30020F34509009A9901 /* tag-min.png */,
				7AB2C30120F34509009A9901 /* couple-min.png */,
				7AB2C30220F34509009A9901 /* alien-min.png */,
				7AB2C30320F34509009A9901 /* pencil2-min.png */,
				7AB2C30420F3450A009A9901 /* pig-min.png */,
				7AB2C30520F3450A009A9901 /* macho-min.png */,
				7AB2C30620F3450A009A9901 /* balloon-min.png */,
				7AB2C30720F3450A009A9901 /* babybird2-min.png */,
				7AB2C30820F3450A009A9901 /* satellite-min.png */,
				7AB2C30920F3450A009A9901 /* elephant-min.png */,
				7AB2C30A20F3450A009A9901 /* tobacco-min.png */,
				7AB2C30B20F3450A009A9901 /* bee-min.png */,
				7AB2C30C20F3450A009A9901 /* taxi-min.png */,
				7AB2C30D20F3450A009A9901 /* clock-min.png */,
				7AB2C30E20F3450A009A9901 /* like-hand-min.png */,
				7AB2C30F20F3450A009A9901 /* garbage-can-min.png */,
				7AB2C31020F3450A009A9901 /* certificate-min.png */,
				7AB2C31120F3450A009A9901 /* book-min.png */,
				7AB2C31220F3450A009A9901 /* grab-min.png */,
				7AB2C31320F3450A009A9901 /* elevator-min.png */,
				7AB2C31420F3450A009A9901 /* mushroom-clouds-min.png */,
				7AB2C31520F3450A009A9901 /* wheelchair-min.png */,
				7AB2C31620F3450A009A9901 /* bat-min.png */,
				7AB2C31720F3450A009A9901 /* music-min.png */,
				7AB2C31820F3450A009A9901 /* crocodile-min.png */,
				7AB2C31920F3450A009A9901 /* gumtape-min.png */,
				7AB2C31A20F3450A009A9901 /* peach-min.png */,
				7AB2C31B20F3450A009A9901 /* island-min.png */,
				7AB2C31C20F3450A009A9901 /* mosquito-min.png */,
				7AB2C31D20F3450A009A9901 /* puzzle-min.png */,
				7AB2C31E20F3450A009A9901 /* maze-min.png */,
				7AB2C31F20F3450A009A9901 /* sword-min.png */,
				7AB2C32020F3450A009A9901 /* stairs-min.png */,
				7AB2C32120F3450A009A9901 /* shrimp-min.png */,
				7AB2C32220F3450A009A9901 /* balance-min.png */,
				7AB2C32320F3450A009A9901 /* pocket-money-min.png */,
				7AB2C32420F3450A009A9901 /* exchange-min.png */,
				7AB2C32520F3450A009A9901 /* cake-min.png */,
				7AB2C32620F3450A009A9901 /* quill-pen-min.png */,
				7AB2C32720F3450A009A9901 /* calculator-min.png */,
				7AB2C32820F3450A009A9901 /* shakehands-min.png */,
				7AB2C32920F3450A009A9901 /* killroy-min.png */,
				7AB2C32A20F3450A009A9901 /* cocktail-min.png */,
				7AB2C32B20F3450A009A9901 /* paint-brush-min.png */,
				7AB2C32C20F3450A009A9901 /* shake-min.png */,
				7AB2C32D20F3450A009A9901 /* sunrise-min.png */,
				7AB2C32E20F3450A009A9901 /* magic-min.png */,
				7AB2C32F20F3450A009A9901 /* team-min.png */,
				7AB2C33020F3450A009A9901 /* faucet-min.png */,
				7AB2C33120F3450A009A9901 /* rainy-min.png */,
			);
			path = image;
			sourceTree = "<group>";
		};
		96814C34C35DC6D43E85344B /* Frameworks */ = {
			isa = PBXGroup;
			children = (
				79B0DDC89D100C11C86720AE /* Pods_pachira.framework */,
			);
			name = Frameworks;
			sourceTree = "<group>";
		};
		F47030957DC357332A2620E4 /* Pods */ = {
			isa = PBXGroup;
			children = (
				E21F106DC6118DEACF82B0A9 /* Pods-pachira.debug.xcconfig */,
				0CEA041E06EDFADE742F512A /* Pods-pachira.release.xcconfig */,
			);
			name = Pods;
			sourceTree = "<group>";
		};
/* End PBXGroup section */

/* Begin PBXNativeTarget section */
		7A7CF60620DCDE55006D6744 /* pachira */ = {
			isa = PBXNativeTarget;
			buildConfigurationList = 7A7CF61C20DCDE56006D6744 /* Build configuration list for PBXNativeTarget "pachira" */;
			buildPhases = (
				AE5F75C7D677D9C8F2102E12 /* [CP] Check Pods Manifest.lock */,
				7A7CF60320DCDE55006D6744 /* Sources */,
				7A7CF60420DCDE55006D6744 /* Frameworks */,
				7A7CF60520DCDE55006D6744 /* Resources */,
				68B93C3485862C6CEC657BE2 /* [CP] Embed Pods Frameworks */,
			);
			buildRules = (
			);
			dependencies = (
			);
			name = pachira;
			productName = pachira;
			productReference = 7A7CF60720DCDE55006D6744 /* pachira.app */;
			productType = "com.apple.product-type.application";
		};
/* End PBXNativeTarget section */

/* Begin PBXProject section */
		7A7CF5FF20DCDE55006D6744 /* Project object */ = {
			isa = PBXProject;
			attributes = {
				LastSwiftUpdateCheck = 0940;
				LastUpgradeCheck = 0940;
				ORGANIZATIONNAME = reo;
				TargetAttributes = {
					7A7CF60620DCDE55006D6744 = {
						CreatedOnToolsVersion = 9.4;
					};
				};
			};
			buildConfigurationList = 7A7CF60220DCDE55006D6744 /* Build configuration list for PBXProject "pachira" */;
			compatibilityVersion = "Xcode 9.3";
			developmentRegion = en;
			hasScannedForEncodings = 0;
			knownRegions = (
				en,
				Base,
			);
			mainGroup = 7A7CF5FE20DCDE55006D6744;
			productRefGroup = 7A7CF60820DCDE55006D6744 /* Products */;
			projectDirPath = "";
			projectRoot = "";
			targets = (
				7A7CF60620DCDE55006D6744 /* pachira */,
			);
		};
/* End PBXProject section */

/* Begin PBXResourcesBuildPhase section */
		7A7CF60520DCDE55006D6744 /* Resources */ = {
			isa = PBXResourcesBuildPhase;
			buildActionMask = 2147483647;
			files = (
				7AB2C3E020F3450A009A9901 /* rainy-min.png in Resources */,
				7AB2C3D120F3450A009A9901 /* balance-min.png in Resources */,
				7AB2C3B020F3450A009A9901 /* couple-min.png in Resources */,
				7AB2C3AF20F3450A009A9901 /* tag-min.png in Resources */,
				7AB2C3AA20F3450A009A9901 /* drum-min.png in Resources */,
				7AB2C39920F3450A009A9901 /* triangle-min.png in Resources */,
				7AB2C3B320F3450A009A9901 /* pig-min.png in Resources */,
				7AB2C33220F3450A009A9901 /* cube-sugar-min.png in Resources */,
				7AB2C3BF20F3450A009A9901 /* certificate-min.png in Resources */,
				7AB2C3D520F3450A009A9901 /* quill-pen-min.png in Resources */,
				7AB2C3A420F3450A009A9901 /* injector-min.png in Resources */,
				7AB2C33B20F3450A009A9901 /* documents-min.png in Resources */,
				7AB2C39720F3450A009A9901 /* small-bomb-min.png in Resources */,
				7AB2C36520F3450A009A9901 /* honey-min.png in Resources */,
				7AB2C39D20F3450A009A9901 /* cat-min.png in Resources */,
				7AB2C3A120F3450A009A9901 /* loose-leaf-min.png in Resources */,
				7AB2C38F20F3450A009A9901 /* marker-min.png in Resources */,
				7AB2C35920F3450A009A9901 /* gift-min.png in Resources */,
				7AB2C35320F3450A009A9901 /* monster-min.png in Resources */,
				7AB2C34B20F3450A009A9901 /* sound-min.png in Resources */,
				7AB2C35A20F3450A009A9901 /* scoop-min.png in Resources */,
				7AB2C35E20F3450A009A9901 /* 24hour-min.png in Resources */,
				7AB2C36D20F3450A009A9901 /* pirate-flag-min.png in Resources */,
				7AB2C3BB20F3450A009A9901 /* taxi-min.png in Resources */,
				7AB2C3D820F3450A009A9901 /* killroy-min.png in Resources */,
				7AB2C3D020F3450A009A9901 /* shrimp-min.png in Resources */,
				7AB2C38220F3450A009A9901 /* scissors-min.png in Resources */,
				7AB2C37E20F3450A009A9901 /* money-min.png in Resources */,
				7AB2C36620F3450A009A9901 /* angel-min.png in Resources */,
				7AB2C35520F3450A009A9901 /* virus-min.png in Resources */,
				7AB2C37C20F3450A009A9901 /* fish-hook-min.png in Resources */,
				7AB2C3C420F3450A009A9901 /* wheelchair-min.png in Resources */,
				7AB2C35220F3450A009A9901 /* headache-min.png in Resources */,
				7AB2C34E20F3450A009A9901 /* president-min.png in Resources */,
				7AB2C3D620F3450A009A9901 /* calculator-min.png in Resources */,
				7AB2C38920F3450A009A9901 /* clapperboard-min.png in Resources */,
				7AB2C39320F3450A009A9901 /* paint-can-min.png in Resources */,
				7AB2C35720F3450A009A9901 /* loudspeaker-min.png in Resources */,
				7AB2C3A620F3450A009A9901 /* telephone-min.png in Resources */,
				7AB2C3D720F3450A009A9901 /* shakehands-min.png in Resources */,
				7AB2C3CB20F3450A009A9901 /* mosquito-min.png in Resources */,
				7AB2C35D20F3450A009A9901 /* doll-min.png in Resources */,
				7AB2C37D20F3450A009A9901 /* dracula-min.png in Resources */,
				7AB2C37520F3450A009A9901 /* lady-min.png in Resources */,
				7AB2C36C20F3450A009A9901 /* leaf-min.png in Resources */,
				7AB2C34820F3450A009A9901 /* radio-cassette-min.png in Resources */,
				7AB2C3A220F3450A009A9901 /* hourglass-min.png in Resources */,
				7AB2C33420F3450A009A9901 /* juice-min.png in Resources */,
				7AB2C38420F3450A009A9901 /* camera-min.png in Resources */,
				7AB2C3DA20F3450A009A9901 /* paint-brush-min.png in Resources */,
				7AB2C38B20F3450A009A9901 /* calender-min.png in Resources */,
				7AB2C38120F3450A009A9901 /* fire-min.png in Resources */,
				7AB2C36920F3450A009A9901 /* target-min.png in Resources */,
				7AB2C35C20F3450A009A9901 /* glasses2-min.png in Resources */,
				7AB2C33E20F3450A009A9901 /* babybird-min.png in Resources */,
				7AB2C39A20F3450A009A9901 /* cards-min.png in Resources */,
				7AB2C38C20F3450A009A9901 /* fossil-min.png in Resources */,
				7AB2C3A920F3450A009A9901 /* gear-min.png in Resources */,
				7AB2C39B20F3450A009A9901 /* lightbulb-min.png in Resources */,
				7AB2C34C20F3450A009A9901 /* towl-min.png in Resources */,
				7AB2C3B120F3450A009A9901 /* alien-min.png in Resources */,
				7AB2C3C520F3450A009A9901 /* bat-min.png in Resources */,
				7AB2C38320F3450A009A9901 /* patlamp-min.png in Resources */,
				7AB2C3DC20F3450A009A9901 /* sunrise-min.png in Resources */,
				7AB2C34320F3450A009A9901 /* note-min.png in Resources */,
				7AB2C37320F3450A009A9901 /* gargle-min.png in Resources */,
				7AB2C39E20F3450A009A9901 /* stump-min.png in Resources */,
				7AB2C3AE20F3450A009A9901 /* himantolophidae-min.png in Resources */,
				7AB2C39520F3450A009A9901 /* onsen-min.png in Resources */,
				7AB2C34F20F3450A009A9901 /* study-min.png in Resources */,
				7AB2C3D220F3450A009A9901 /* pocket-money-min.png in Resources */,
				7AB2C34720F3450A009A9901 /* romance-min.png in Resources */,
				7AB2C37B20F3450A009A9901 /* map2-min.png in Resources */,
				7AB2C36320F3450A009A9901 /* free-min.png in Resources */,
				7AB2C3CE20F3450A009A9901 /* sword-min.png in Resources */,
				7AB2C38020F3450A009A9901 /* hamburger-min.png in Resources */,
				7AB2C37A20F3450A009A9901 /* crub-min.png in Resources */,
				7AB2C33A20F3450A009A9901 /* balloons-min.png in Resources */,
				7AB2C33920F3450A009A9901 /* purse-min.png in Resources */,
				7AB2C33C20F3450A009A9901 /* cherry-min.png in Resources */,
				7AB2C36120F3450A009A9901 /* projector-min.png in Resources */,
				7AB2C3B720F3450A009A9901 /* satellite-min.png in Resources */,
				7AB2C3B220F3450A009A9901 /* pencil2-min.png in Resources */,
				7AB2C33520F3450A009A9901 /* sleep-min.png in Resources */,
				7AB2C34D20F3450A009A9901 /* eye-min.png in Resources */,
				7AB2C3A820F3450A009A9901 /* fish-min.png in Resources */,
				7AB2C35620F3450A009A9901 /* sns-min.png in Resources */,
				7AB2C38E20F3450A009A9901 /* desktop-pc-min.png in Resources */,
				7AB2C3DE20F3450A009A9901 /* team-min.png in Resources */,
				7AB2C36E20F3450A009A9901 /* atom-min.png in Resources */,
				7AB2C34220F3450A009A9901 /* basket-min.png in Resources */,
				7A7CF6BC20DD169B006D6744 /* images.plist in Resources */,
				7AB2C39620F3450A009A9901 /* clay-figure-min.png in Resources */,
				7AB2C3BC20F3450A009A9901 /* clock-min.png in Resources */,
				7AB2C33720F3450A009A9901 /* movie-min.png in Resources */,
				7AB2C3BE20F3450A009A9901 /* garbage-can-min.png in Resources */,
				7AB2C33620F3450A009A9901 /* bowl-min.png in Resources */,
				7AB2C38820F3450A009A9901 /* rocket-min.png in Resources */,
				7AB2C3B620F3450A009A9901 /* babybird2-min.png in Resources */,
				7A7CF61820DCDE56006D6744 /* LaunchScreen.storyboard in Resources */,
				7A7CF61520DCDE56006D6744 /* Assets.xcassets in Resources */,
				7AB2C39420F3450A009A9901 /* punch-min.png in Resources */,
				7AB2C39020F3450A009A9901 /* umbrella-min.png in Resources */,
				7AB2C33820F3450A009A9901 /* anonymous-min.png in Resources */,
				7AB2C3D420F3450A009A9901 /* cake-min.png in Resources */,
				7AB2C3CC20F3450A009A9901 /* puzzle-min.png in Resources */,
				7AB2C34920F3450A009A9901 /* skull-min.png in Resources */,
				7AB2C3E420F3456C009A9901 /* think-min.png in Resources */,
				7AB2C34420F3450A009A9901 /* index-finger-min.png in Resources */,
				7AB2C3BA20F3450A009A9901 /* bee-min.png in Resources */,
				7AB2C3A520F3450A009A9901 /* fingerprint-min.png in Resources */,
				7AB2C3C020F3450A009A9901 /* book-min.png in Resources */,
				7AB2C39820F3450A009A9901 /* map-min.png in Resources */,
				7AB2C35420F3450A009A9901 /* cheerleader-min.png in Resources */,
				7AB2C38620F3450A009A9901 /* questionnaire-min.png in Resources */,
				7AB2C36720F3450A009A9901 /* alien2-min.png in Resources */,
				7AB2C39220F3450A009A9901 /* tablespoon-min.png in Resources */,
				7AB2C3A720F3450A009A9901 /* hat-min.png in Resources */,
				7AB2C3CF20F3450A009A9901 /* stairs-min.png in Resources */,
				7AB2C3C920F3450A009A9901 /* peach-min.png in Resources */,
				7AB2C3B520F3450A009A9901 /* balloon-min.png in Resources */,
				7AB2C36420F3450A009A9901 /* kungfu-min.png in Resources */,
				7AB2C39120F3450A009A9901 /* diamond-min.png in Resources */,
				7AB2C3D320F3450A009A9901 /* exchange-min.png in Resources */,
				7AB2C3B820F3450A009A9901 /* elephant-min.png in Resources */,
				7AB2C3C620F3450A009A9901 /* music-min.png in Resources */,
				7AB2C38D20F3450A009A9901 /* kraken-min.png in Resources */,
				7AB2C3DB20F3450A009A9901 /* shake-min.png in Resources */,
				7AB2C3C720F3450A009A9901 /* crocodile-min.png in Resources */,
				7AB2C36B20F3450A009A9901 /* squirre-min.png in Resources */,
				7AB2C3CD20F3450A009A9901 /* maze-min.png in Resources */,
				7AB2C39C20F3450A009A9901 /* menu-min.png in Resources */,
				7AB2C37020F3450A009A9901 /* calender2-min.png in Resources */,
				7AB2C3AB20F3450A009A9901 /* wine-min.png in Resources */,
				7AB2C38520F3450A009A9901 /* apple-min.png in Resources */,
				7AB2C39F20F3450A009A9901 /* glasses-min.png in Resources */,
				7AB2C33D20F3450A009A9901 /* sexy-lip-min.png in Resources */,
				7AB2C36020F3450A009A9901 /* rose-min.png in Resources */,
				7AB2C37120F3450A009A9901 /* monkey-min.png in Resources */,
				7AB2C38A20F3450A009A9901 /* graph-min.png in Resources */,
				7AB2C3B920F3450A009A9901 /* tobacco-min.png in Resources */,
				7AB2C36A20F3450A009A9901 /* fragile-min.png in Resources */,
				7AB2C3C320F3450A009A9901 /* mushroom-clouds-min.png in Resources */,
				7AB2C37220F3450A009A9901 /* key-min.png in Resources */,
				7AB2C3C220F3450A009A9901 /* elevator-min.png in Resources */,
				7AB2C3AC20F3450A009A9901 /* caution-mark-min.png in Resources */,
				7AB2C34520F3450A009A9901 /* game-min.png in Resources */,
				7AB2C3DD20F3450A009A9901 /* magic-min.png in Resources */,
				7AB2C3DF20F3450A009A9901 /* faucet-min.png in Resources */,
				7AB2C3E320F3456C009A9901 /* thinkingapple-min.png in Resources */,
				7AB2C36F20F3450A009A9901 /* toilet-paper-min.png in Resources */,
				7AB2C35F20F3450A009A9901 /* read-min.png in Resources */,
				7AB2C3B420F3450A009A9901 /* macho-min.png in Resources */,
				7AB2C37720F3450A009A9901 /* compass-min.png in Resources */,
				7AB2C38720F3450A009A9901 /* mic-min.png in Resources */,
				7AB2C33F20F3450A009A9901 /* love-letter-min.png in Resources */,
				7AB2C36220F3450A009A9901 /* snowman-min.png in Resources */,
				7AB2C37420F3450A009A9901 /* piggy-bank-min.png in Resources */,
				7AB2C3D920F3450A009A9901 /* cocktail-min.png in Resources */,
				7AB2C3A320F3450A009A9901 /* spanner-min.png in Resources */,
				7AB2C35020F3450A009A9901 /* baseball-min.png in Resources */,
				7AB2C34A20F3450A009A9901 /* parent-and-child-min.png in Resources */,
				7AB2C37820F3450A009A9901 /* bomb-min.png in Resources */,
				7AB2C3AD20F3450A009A9901 /* mail-min.png in Resources */,
				7AB2C33320F3450A009A9901 /* people-min.png in Resources */,
				7AB2C3CA20F3450A009A9901 /* island-min.png in Resources */,
				7AB2C35120F3450A009A9901 /* folk-knife-min.png in Resources */,
				7AB2C37620F3450A009A9901 /* ink-min.png in Resources */,
				7AB2C3C820F3450A009A9901 /* gumtape-min.png in Resources */,
				7AB2C3C120F3450A009A9901 /* grab-min.png in Resources */,
				7AB2C35B20F3450A009A9901 /* car-min.png in Resources */,
				7AB2C34020F3450A009A9901 /* bald-min.png in Resources */,
				7AB2C37920F3450A009A9901 /* moon-min.png in Resources */,
				7AB2C34120F3450A009A9901 /* font-min.png in Resources */,
				7AB2C37F20F3450A009A9901 /* cracker-min.png in Resources */,
				7AB2C36820F3450A009A9901 /* pencil-min.png in Resources */,
				7AB2C3A020F3450A009A9901 /* skull2-min.png in Resources */,
				7AB2C35820F3450A009A9901 /* gramophone-min.png in Resources */,
				7AB2C34620F3450A009A9901 /* ear-min.png in Resources */,
				7AB2C3BD20F3450A009A9901 /* like-hand-min.png in Resources */,
			);
			runOnlyForDeploymentPostprocessing = 0;
		};
/* End PBXResourcesBuildPhase section */

/* Begin PBXShellScriptBuildPhase section */
		68B93C3485862C6CEC657BE2 /* [CP] Embed Pods Frameworks */ = {
			isa = PBXShellScriptBuildPhase;
			buildActionMask = 2147483647;
			files = (
			);
			inputPaths = (
				"${SRCROOT}/Pods/Target Support Files/Pods-pachira/Pods-pachira-frameworks.sh",
				"${BUILT_PRODUCTS_DIR}/IQKeyboardManagerSwift/IQKeyboardManagerSwift.framework",
			);
			name = "[CP] Embed Pods Frameworks";
			outputPaths = (
				"${TARGET_BUILD_DIR}/${FRAMEWORKS_FOLDER_PATH}/IQKeyboardManagerSwift.framework",
			);
			runOnlyForDeploymentPostprocessing = 0;
			shellPath = /bin/sh;
			shellScript = "\"${SRCROOT}/Pods/Target Support Files/Pods-pachira/Pods-pachira-frameworks.sh\"\n";
			showEnvVarsInLog = 0;
		};
		AE5F75C7D677D9C8F2102E12 /* [CP] Check Pods Manifest.lock */ = {
			isa = PBXShellScriptBuildPhase;
			buildActionMask = 2147483647;
			files = (
			);
			inputPaths = (
				"${PODS_PODFILE_DIR_PATH}/Podfile.lock",
				"${PODS_ROOT}/Manifest.lock",
			);
			name = "[CP] Check Pods Manifest.lock";
			outputPaths = (
				"$(DERIVED_FILE_DIR)/Pods-pachira-checkManifestLockResult.txt",
			);
			runOnlyForDeploymentPostprocessing = 0;
			shellPath = /bin/sh;
			shellScript = "diff \"${PODS_PODFILE_DIR_PATH}/Podfile.lock\" \"${PODS_ROOT}/Manifest.lock\" > /dev/null\nif [ $? != 0 ] ; then\n    # print error to STDERR\n    echo \"error: The sandbox is not in sync with the Podfile.lock. Run 'pod install' or update your CocoaPods installation.\" >&2\n    exit 1\nfi\n# This output is used by Xcode 'outputs' to avoid re-running this script phase.\necho \"SUCCESS\" > \"${SCRIPT_OUTPUT_FILE_0}\"\n";
			showEnvVarsInLog = 0;
		};
/* End PBXShellScriptBuildPhase section */

/* Begin PBXSourcesBuildPhase section */
		7A7CF60320DCDE55006D6744 /* Sources */ = {
			isa = PBXSourcesBuildPhase;
			buildActionMask = 2147483647;
			files = (
				7A7CF62220DCDEC6006D6744 /* Idea+CoreDataProperties.swift in Sources */,
				7A7CF6B620DCDF5F006D6744 /* CDIdea.swift in Sources */,
				7A7CF60D20DCDE55006D6744 /* ViewController.swift in Sources */,
				7A7CF6BE20DFBA1E006D6744 /* ThinkViewController.swift in Sources */,
				7A6A457B20EBA85B0086B926 /* PachiraViewController.swift in Sources */,
				7A7CF60B20DCDE55006D6744 /* AppDelegate.swift in Sources */,
				7A7CF6C220DFE3C5006D6744 /* ListViewController.swift in Sources */,
				7A7CF62120DCDEC6006D6744 /* Idea+CoreDataClass.swift in Sources */,
				7A7CF6C420DFF0B3006D6744 /* DetailViewController.swift in Sources */,
				7A7CF6C020DFBC09006D6744 /* PImage.swift in Sources */,
				7A7CF61320DCDE55006D6744 /* pachira.xcdatamodeld in Sources */,
			);
			runOnlyForDeploymentPostprocessing = 0;
		};
/* End PBXSourcesBuildPhase section */

/* Begin PBXVariantGroup section */
		7A7CF61620DCDE56006D6744 /* LaunchScreen.storyboard */ = {
			isa = PBXVariantGroup;
			children = (
				7A7CF61720DCDE56006D6744 /* Base */,
			);
			name = LaunchScreen.storyboard;
			sourceTree = "<group>";
		};
/* End PBXVariantGroup section */

/* Begin XCBuildConfiguration section */
		7A7CF61A20DCDE56006D6744 /* Debug */ = {
			isa = XCBuildConfiguration;
			buildSettings = {
				ALWAYS_SEARCH_USER_PATHS = NO;
				CLANG_ANALYZER_NONNULL = YES;
				CLANG_ANALYZER_NUMBER_OBJECT_CONVERSION = YES_AGGRESSIVE;
				CLANG_CXX_LANGUAGE_STANDARD = "gnu++14";
				CLANG_CXX_LIBRARY = "libc++";
				CLANG_ENABLE_MODULES = YES;
				CLANG_ENABLE_OBJC_ARC = YES;
				CLANG_ENABLE_OBJC_WEAK = YES;
				CLANG_WARN_BLOCK_CAPTURE_AUTORELEASING = YES;
				CLANG_WARN_BOOL_CONVERSION = YES;
				CLANG_WARN_COMMA = YES;
				CLANG_WARN_CONSTANT_CONVERSION = YES;
				CLANG_WARN_DEPRECATED_OBJC_IMPLEMENTATIONS = YES;
				CLANG_WARN_DIRECT_OBJC_ISA_USAGE = YES_ERROR;
				CLANG_WARN_DOCUMENTATION_COMMENTS = YES;
				CLANG_WARN_EMPTY_BODY = YES;
				CLANG_WARN_ENUM_CONVERSION = YES;
				CLANG_WARN_INFINITE_RECURSION = YES;
				CLANG_WARN_INT_CONVERSION = YES;
				CLANG_WARN_NON_LITERAL_NULL_CONVERSION = YES;
				CLANG_WARN_OBJC_IMPLICIT_RETAIN_SELF = YES;
				CLANG_WARN_OBJC_LITERAL_CONVERSION = YES;
				CLANG_WARN_OBJC_ROOT_CLASS = YES_ERROR;
				CLANG_WARN_RANGE_LOOP_ANALYSIS = YES;
				CLANG_WARN_STRICT_PROTOTYPES = YES;
				CLANG_WARN_SUSPICIOUS_MOVE = YES;
				CLANG_WARN_UNGUARDED_AVAILABILITY = YES_AGGRESSIVE;
				CLANG_WARN_UNREACHABLE_CODE = YES;
				CLANG_WARN__DUPLICATE_METHOD_MATCH = YES;
				CODE_SIGN_IDENTITY = "iPhone Developer";
				COPY_PHASE_STRIP = NO;
				DEBUG_INFORMATION_FORMAT = dwarf;
				ENABLE_STRICT_OBJC_MSGSEND = YES;
				ENABLE_TESTABILITY = YES;
				GCC_C_LANGUAGE_STANDARD = gnu11;
				GCC_DYNAMIC_NO_PIC = NO;
				GCC_NO_COMMON_BLOCKS = YES;
				GCC_OPTIMIZATION_LEVEL = 0;
				GCC_PREPROCESSOR_DEFINITIONS = (
					"DEBUG=1",
					"$(inherited)",
				);
				GCC_WARN_64_TO_32_BIT_CONVERSION = YES;
				GCC_WARN_ABOUT_RETURN_TYPE = YES_ERROR;
				GCC_WARN_UNDECLARED_SELECTOR = YES;
				GCC_WARN_UNINITIALIZED_AUTOS = YES_AGGRESSIVE;
				GCC_WARN_UNUSED_FUNCTION = YES;
				GCC_WARN_UNUSED_VARIABLE = YES;
				IPHONEOS_DEPLOYMENT_TARGET = 11.4;
				MTL_ENABLE_DEBUG_INFO = YES;
				ONLY_ACTIVE_ARCH = YES;
				SDKROOT = iphoneos;
				SWIFT_ACTIVE_COMPILATION_CONDITIONS = DEBUG;
				SWIFT_OPTIMIZATION_LEVEL = "-Onone";
			};
			name = Debug;
		};
		7A7CF61B20DCDE56006D6744 /* Release */ = {
			isa = XCBuildConfiguration;
			buildSettings = {
				ALWAYS_SEARCH_USER_PATHS = NO;
				CLANG_ANALYZER_NONNULL = YES;
				CLANG_ANALYZER_NUMBER_OBJECT_CONVERSION = YES_AGGRESSIVE;
				CLANG_CXX_LANGUAGE_STANDARD = "gnu++14";
				CLANG_CXX_LIBRARY = "libc++";
				CLANG_ENABLE_MODULES = YES;
				CLANG_ENABLE_OBJC_ARC = YES;
				CLANG_ENABLE_OBJC_WEAK = YES;
				CLANG_WARN_BLOCK_CAPTURE_AUTORELEASING = YES;
				CLANG_WARN_BOOL_CONVERSION = YES;
				CLANG_WARN_COMMA = YES;
				CLANG_WARN_CONSTANT_CONVERSION = YES;
				CLANG_WARN_DEPRECATED_OBJC_IMPLEMENTATIONS = YES;
				CLANG_WARN_DIRECT_OBJC_ISA_USAGE = YES_ERROR;
				CLANG_WARN_DOCUMENTATION_COMMENTS = YES;
				CLANG_WARN_EMPTY_BODY = YES;
				CLANG_WARN_ENUM_CONVERSION = YES;
				CLANG_WARN_INFINITE_RECURSION = YES;
				CLANG_WARN_INT_CONVERSION = YES;
				CLANG_WARN_NON_LITERAL_NULL_CONVERSION = YES;
				CLANG_WARN_OBJC_IMPLICIT_RETAIN_SELF = YES;
				CLANG_WARN_OBJC_LITERAL_CONVERSION = YES;
				CLANG_WARN_OBJC_ROOT_CLASS = YES_ERROR;
				CLANG_WARN_RANGE_LOOP_ANALYSIS = YES;
				CLANG_WARN_STRICT_PROTOTYPES = YES;
				CLANG_WARN_SUSPICIOUS_MOVE = YES;
				CLANG_WARN_UNGUARDED_AVAILABILITY = YES_AGGRESSIVE;
				CLANG_WARN_UNREACHABLE_CODE = YES;
				CLANG_WARN__DUPLICATE_METHOD_MATCH = YES;
				CODE_SIGN_IDENTITY = "iPhone Developer";
				COPY_PHASE_STRIP = NO;
				DEBUG_INFORMATION_FORMAT = "dwarf-with-dsym";
				ENABLE_NS_ASSERTIONS = NO;
				ENABLE_STRICT_OBJC_MSGSEND = YES;
				GCC_C_LANGUAGE_STANDARD = gnu11;
				GCC_NO_COMMON_BLOCKS = YES;
				GCC_WARN_64_TO_32_BIT_CONVERSION = YES;
				GCC_WARN_ABOUT_RETURN_TYPE = YES_ERROR;
				GCC_WARN_UNDECLARED_SELECTOR = YES;
				GCC_WARN_UNINITIALIZED_AUTOS = YES_AGGRESSIVE;
				GCC_WARN_UNUSED_FUNCTION = YES;
				GCC_WARN_UNUSED_VARIABLE = YES;
				IPHONEOS_DEPLOYMENT_TARGET = 11.4;
				MTL_ENABLE_DEBUG_INFO = NO;
				SDKROOT = iphoneos;
				SWIFT_COMPILATION_MODE = wholemodule;
				SWIFT_OPTIMIZATION_LEVEL = "-O";
				VALIDATE_PRODUCT = YES;
			};
			name = Release;
		};
		7A7CF61D20DCDE56006D6744 /* Debug */ = {
			isa = XCBuildConfiguration;
			baseConfigurationReference = E21F106DC6118DEACF82B0A9 /* Pods-pachira.debug.xcconfig */;
			buildSettings = {
				ASSETCATALOG_COMPILER_APPICON_NAME = AppIcon;
				CODE_SIGN_STYLE = Automatic;
				DEVELOPMENT_TEAM = YN64Q62HBT;
				INFOPLIST_FILE = pachira/Info.plist;
				LD_RUNPATH_SEARCH_PATHS = (
					"$(inherited)",
					"@executable_path/Frameworks",
				);
				PRODUCT_BUNDLE_IDENTIFIER = com.reo.pachira;
				PRODUCT_NAME = "$(TARGET_NAME)";
				SWIFT_VERSION = 4.0;
				TARGETED_DEVICE_FAMILY = "1,2";
			};
			name = Debug;
		};
		7A7CF61E20DCDE56006D6744 /* Release */ = {
			isa = XCBuildConfiguration;
			baseConfigurationReference = 0CEA041E06EDFADE742F512A /* Pods-pachira.release.xcconfig */;
			buildSettings = {
				ASSETCATALOG_COMPILER_APPICON_NAME = AppIcon;
				CODE_SIGN_STYLE = Automatic;
				DEVELOPMENT_TEAM = YN64Q62HBT;
				INFOPLIST_FILE = pachira/Info.plist;
				LD_RUNPATH_SEARCH_PATHS = (
					"$(inherited)",
					"@executable_path/Frameworks",
				);
				PRODUCT_BUNDLE_IDENTIFIER = com.reo.pachira;
				PRODUCT_NAME = "$(TARGET_NAME)";
				SWIFT_VERSION = 4.0;
				TARGETED_DEVICE_FAMILY = "1,2";
			};
			name = Release;
		};
/* End XCBuildConfiguration section */

/* Begin XCConfigurationList section */
		7A7CF60220DCDE55006D6744 /* Build configuration list for PBXProject "pachira" */ = {
			isa = XCConfigurationList;
			buildConfigurations = (
				7A7CF61A20DCDE56006D6744 /* Debug */,
				7A7CF61B20DCDE56006D6744 /* Release */,
			);
			defaultConfigurationIsVisible = 0;
			defaultConfigurationName = Release;
		};
		7A7CF61C20DCDE56006D6744 /* Build configuration list for PBXNativeTarget "pachira" */ = {
			isa = XCConfigurationList;
			buildConfigurations = (
				7A7CF61D20DCDE56006D6744 /* Debug */,
				7A7CF61E20DCDE56006D6744 /* Release */,
			);
			defaultConfigurationIsVisible = 0;
			defaultConfigurationName = Release;
		};
/* End XCConfigurationList section */

/* Begin XCVersionGroup section */
		7A7CF61120DCDE55006D6744 /* pachira.xcdatamodeld */ = {
			isa = XCVersionGroup;
			children = (
				7A7CF61220DCDE55006D6744 /* pachira.xcdatamodel */,
			);
			currentVersion = 7A7CF61220DCDE55006D6744 /* pachira.xcdatamodel */;
			path = pachira.xcdatamodeld;
			sourceTree = "<group>";
			versionGroupType = wrapper.xcdatamodel;
		};
/* End XCVersionGroup section */
	};
	rootObject = 7A7CF5FF20DCDE55006D6744 /* Project object */;
}
